// !$*UTF8*$!
{
	archiveVersion = 1;
	classes = {
	};
	objectVersion = 46;
	objects = {

/* Begin PBXBuildFile section */
		32381F7D1714526B00CC4792 /* nav_menu_icon@2x.png in Resources */ = {isa = PBXBuildFile; fileRef = 32381F7C1714526B00CC4792 /* nav_menu_icon@2x.png */; };
		325413EB172D12D200446927 /* LoginViewController.m in Sources */ = {isa = PBXBuildFile; fileRef = 325413EA172D12D200446927 /* LoginViewController.m */; };
		325413EF172D1F1D00446927 /* Constants.m in Sources */ = {isa = PBXBuildFile; fileRef = 325413EE172D1F1D00446927 /* Constants.m */; };
		325413F2173144B400446927 /* MD5Addition.m in Sources */ = {isa = PBXBuildFile; fileRef = 325413F1173144B400446927 /* MD5Addition.m */; };
		3254900C17336E200072F724 /* RegisterViewController.m in Sources */ = {isa = PBXBuildFile; fileRef = 3254900B17336E200072F724 /* RegisterViewController.m */; };
		32549010173505890072F724 /* navigationBg@2x.png in Resources */ = {isa = PBXBuildFile; fileRef = 3254900F173505890072F724 /* navigationBg@2x.png */; };
		32549012173507470072F724 /* navigationBg.png in Resources */ = {isa = PBXBuildFile; fileRef = 32549011173507470072F724 /* navigationBg.png */; };
		32549014173509F60072F724 /* tabBarBg@2x.png in Resources */ = {isa = PBXBuildFile; fileRef = 32549013173509F50072F724 /* tabBarBg@2x.png */; };
		3254901617350A2F0072F724 /* tabBarBg.png in Resources */ = {isa = PBXBuildFile; fileRef = 3254901517350A2F0072F724 /* tabBarBg.png */; };
		325490191735117E0072F724 /* MenuCell.m in Sources */ = {isa = PBXBuildFile; fileRef = 325490181735117E0072F724 /* MenuCell.m */; };
		3254901B173517790072F724 /* MenuCell.xib in Resources */ = {isa = PBXBuildFile; fileRef = 3254901A173517790072F724 /* MenuCell.xib */; };
		3254901D173537960072F724 /* risotto.plist in Resources */ = {isa = PBXBuildFile; fileRef = 3254901C173537960072F724 /* risotto.plist */; };
		325490221735428B0072F724 /* 901.jpg in Resources */ = {isa = PBXBuildFile; fileRef = 3254901F1735428B0072F724 /* 901.jpg */; };
		325490231735428B0072F724 /* 902.jpg in Resources */ = {isa = PBXBuildFile; fileRef = 325490201735428B0072F724 /* 902.jpg */; };
		325490241735428B0072F724 /* 903.jpg in Resources */ = {isa = PBXBuildFile; fileRef = 325490211735428B0072F724 /* 903.jpg */; };
		32A715E61720254F002568A6 /* ASIAuthenticationDialog.m in Sources */ = {isa = PBXBuildFile; fileRef = 32A715D11720254F002568A6 /* ASIAuthenticationDialog.m */; settings = {COMPILER_FLAGS = "-fno-objc-arc"; }; };
		32A715E71720254F002568A6 /* ASIDataCompressor.m in Sources */ = {isa = PBXBuildFile; fileRef = 32A715D41720254F002568A6 /* ASIDataCompressor.m */; settings = {COMPILER_FLAGS = "-fno-objc-arc"; }; };
		32A715E81720254F002568A6 /* ASIDataDecompressor.m in Sources */ = {isa = PBXBuildFile; fileRef = 32A715D61720254F002568A6 /* ASIDataDecompressor.m */; settings = {COMPILER_FLAGS = "-fno-objc-arc"; }; };
		32A715E91720254F002568A6 /* ASIDownloadCache.m in Sources */ = {isa = PBXBuildFile; fileRef = 32A715D81720254F002568A6 /* ASIDownloadCache.m */; settings = {COMPILER_FLAGS = "-fno-objc-arc"; }; };
		32A715EA1720254F002568A6 /* ASIFormDataRequest.m in Sources */ = {isa = PBXBuildFile; fileRef = 32A715DA1720254F002568A6 /* ASIFormDataRequest.m */; settings = {COMPILER_FLAGS = "-fno-objc-arc"; }; };
		32A715EB1720254F002568A6 /* ASIHTTPRequest.m in Sources */ = {isa = PBXBuildFile; fileRef = 32A715DC1720254F002568A6 /* ASIHTTPRequest.m */; settings = {COMPILER_FLAGS = "-fno-objc-arc"; }; };
		32A715EC1720254F002568A6 /* ASIInputStream.m in Sources */ = {isa = PBXBuildFile; fileRef = 32A715E01720254F002568A6 /* ASIInputStream.m */; settings = {COMPILER_FLAGS = "-fno-objc-arc"; }; };
		32A715ED1720254F002568A6 /* ASINetworkQueue.m in Sources */ = {isa = PBXBuildFile; fileRef = 32A715E21720254F002568A6 /* ASINetworkQueue.m */; settings = {COMPILER_FLAGS = "-fno-objc-arc"; }; };
		32A715EE1720254F002568A6 /* Reachability.m in Sources */ = {isa = PBXBuildFile; fileRef = 32A715E51720254F002568A6 /* Reachability.m */; settings = {COMPILER_FLAGS = "-fno-objc-arc"; }; };
		32A715F01720267C002568A6 /* CFNetwork.framework in Frameworks */ = {isa = PBXBuildFile; fileRef = 32A715EF1720267C002568A6 /* CFNetwork.framework */; };
		32A715F217202719002568A6 /* SystemConfiguration.framework in Frameworks */ = {isa = PBXBuildFile; fileRef = 32A715F117202719002568A6 /* SystemConfiguration.framework */; };
		32A715F417202744002568A6 /* MobileCoreServices.framework in Frameworks */ = {isa = PBXBuildFile; fileRef = 32A715F317202744002568A6 /* MobileCoreServices.framework */; };
		32A715F61720277B002568A6 /* libz.dylib in Frameworks */ = {isa = PBXBuildFile; fileRef = 32A715F51720277B002568A6 /* libz.dylib */; };
		32C7506D1711611400A99E9C /* UIKit.framework in Frameworks */ = {isa = PBXBuildFile; fileRef = 32C7506C1711611400A99E9C /* UIKit.framework */; };
		32C7506F1711611400A99E9C /* Foundation.framework in Frameworks */ = {isa = PBXBuildFile; fileRef = 32C7506E1711611400A99E9C /* Foundation.framework */; };
		32C750711711611400A99E9C /* CoreGraphics.framework in Frameworks */ = {isa = PBXBuildFile; fileRef = 32C750701711611400A99E9C /* CoreGraphics.framework */; };
		32C750771711611400A99E9C /* InfoPlist.strings in Resources */ = {isa = PBXBuildFile; fileRef = 32C750751711611400A99E9C /* InfoPlist.strings */; };
		32C750791711611400A99E9C /* main.m in Sources */ = {isa = PBXBuildFile; fileRef = 32C750781711611400A99E9C /* main.m */; };
		32C7507D1711611400A99E9C /* TJAppDelegate.m in Sources */ = {isa = PBXBuildFile; fileRef = 32C7507C1711611400A99E9C /* TJAppDelegate.m */; };
		32C7507F1711611400A99E9C /* Default.png in Resources */ = {isa = PBXBuildFile; fileRef = 32C7507E1711611400A99E9C /* Default.png */; };
		32C750811711611400A99E9C /* Default@2x.png in Resources */ = {isa = PBXBuildFile; fileRef = 32C750801711611400A99E9C /* Default@2x.png */; };
		32C750831711611400A99E9C /* Default-568h@2x.png in Resources */ = {isa = PBXBuildFile; fileRef = 32C750821711611400A99E9C /* Default-568h@2x.png */; };
		32C750861711611400A99E9C /* MainStoryboard.storyboard in Resources */ = {isa = PBXBuildFile; fileRef = 32C750841711611400A99E9C /* MainStoryboard.storyboard */; };
		32C750891711611400A99E9C /* MenuViewController.m in Sources */ = {isa = PBXBuildFile; fileRef = 32C750881711611400A99E9C /* MenuViewController.m */; };
		32C7508B1711611400A99E9C /* first.png in Resources */ = {isa = PBXBuildFile; fileRef = 32C7508A1711611400A99E9C /* first.png */; };
		32C7508D1711611400A99E9C /* first@2x.png in Resources */ = {isa = PBXBuildFile; fileRef = 32C7508C1711611400A99E9C /* first@2x.png */; };
		32C750901711611400A99E9C /* ShoppingCartViewController.m in Sources */ = {isa = PBXBuildFile; fileRef = 32C7508F1711611400A99E9C /* ShoppingCartViewController.m */; };
		32C750921711611400A99E9C /* second.png in Resources */ = {isa = PBXBuildFile; fileRef = 32C750911711611400A99E9C /* second.png */; };
		32C750941711611400A99E9C /* second@2x.png in Resources */ = {isa = PBXBuildFile; fileRef = 32C750931711611400A99E9C /* second@2x.png */; };
		32C7509D1711647F00A99E9C /* UserAccountViewController.m in Sources */ = {isa = PBXBuildFile; fileRef = 32C7509C1711647F00A99E9C /* UserAccountViewController.m */; };
		32C750A01711649700A99E9C /* AboutUsViewController.m in Sources */ = {isa = PBXBuildFile; fileRef = 32C7509F1711649700A99E9C /* AboutUsViewController.m */; };
		32C8494F171182FB0049204B /* DDMenuController.m in Sources */ = {isa = PBXBuildFile; fileRef = 32C8494E171182FB0049204B /* DDMenuController.m */; };
		32C84951171184590049204B /* QuartzCore.framework in Frameworks */ = {isa = PBXBuildFile; fileRef = 32C84950171184590049204B /* QuartzCore.framework */; };
		32C849B017125D610049204B /* SideViewController.m in Sources */ = {isa = PBXBuildFile; fileRef = 32C849AE17125D610049204B /* SideViewController.m */; };
		32C849B117125D610049204B /* SideViewController.xib in Resources */ = {isa = PBXBuildFile; fileRef = 32C849AF17125D610049204B /* SideViewController.xib */; };
/* End PBXBuildFile section */

/* Begin PBXFileReference section */
		32381F7C1714526B00CC4792 /* nav_menu_icon@2x.png */ = {isa = PBXFileReference; lastKnownFileType = image.png; path = "nav_menu_icon@2x.png"; sourceTree = "<group>"; };
		325413E9172D12D200446927 /* LoginViewController.h */ = {isa = PBXFileReference; fileEncoding = 4; lastKnownFileType = sourcecode.c.h; path = LoginViewController.h; sourceTree = "<group>"; };
		325413EA172D12D200446927 /* LoginViewController.m */ = {isa = PBXFileReference; fileEncoding = 4; lastKnownFileType = sourcecode.c.objc; path = LoginViewController.m; sourceTree = "<group>"; };
		325413ED172D1F1D00446927 /* Constants.h */ = {isa = PBXFileReference; fileEncoding = 4; lastKnownFileType = sourcecode.c.h; path = Constants.h; sourceTree = "<group>"; };
		325413EE172D1F1D00446927 /* Constants.m */ = {isa = PBXFileReference; fileEncoding = 4; lastKnownFileType = sourcecode.c.objc; path = Constants.m; sourceTree = "<group>"; };
		325413F0173144B400446927 /* MD5Addition.h */ = {isa = PBXFileReference; fileEncoding = 4; lastKnownFileType = sourcecode.c.h; path = MD5Addition.h; sourceTree = "<group>"; };
		325413F1173144B400446927 /* MD5Addition.m */ = {isa = PBXFileReference; fileEncoding = 4; lastKnownFileType = sourcecode.c.objc; path = MD5Addition.m; sourceTree = "<group>"; };
		3254900A17336E200072F724 /* RegisterViewController.h */ = {isa = PBXFileReference; fileEncoding = 4; lastKnownFileType = sourcecode.c.h; path = RegisterViewController.h; sourceTree = "<group>"; };
		3254900B17336E200072F724 /* RegisterViewController.m */ = {isa = PBXFileReference; fileEncoding = 4; lastKnownFileType = sourcecode.c.objc; path = RegisterViewController.m; sourceTree = "<group>"; };
		3254900F173505890072F724 /* navigationBg@2x.png */ = {isa = PBXFileReference; lastKnownFileType = image.png; path = "navigationBg@2x.png"; sourceTree = "<group>"; };
		32549011173507470072F724 /* navigationBg.png */ = {isa = PBXFileReference; lastKnownFileType = image.png; path = navigationBg.png; sourceTree = "<group>"; };
		32549013173509F50072F724 /* tabBarBg@2x.png */ = {isa = PBXFileReference; lastKnownFileType = image.png; path = "tabBarBg@2x.png"; sourceTree = "<group>"; };
		3254901517350A2F0072F724 /* tabBarBg.png */ = {isa = PBXFileReference; lastKnownFileType = image.png; path = tabBarBg.png; sourceTree = "<group>"; };
		325490171735117E0072F724 /* MenuCell.h */ = {isa = PBXFileReference; fileEncoding = 4; lastKnownFileType = sourcecode.c.h; path = MenuCell.h; sourceTree = "<group>"; };
		325490181735117E0072F724 /* MenuCell.m */ = {isa = PBXFileReference; fileEncoding = 4; lastKnownFileType = sourcecode.c.objc; path = MenuCell.m; sourceTree = "<group>"; };
		3254901A173517790072F724 /* MenuCell.xib */ = {isa = PBXFileReference; fileEncoding = 4; lastKnownFileType = file.xib; path = MenuCell.xib; sourceTree = "<group>"; };
		3254901C173537960072F724 /* risotto.plist */ = {isa = PBXFileReference; fileEncoding = 4; lastKnownFileType = text.plist.xml; path = risotto.plist; sourceTree = "<group>"; };
		3254901F1735428B0072F724 /* 901.jpg */ = {isa = PBXFileReference; lastKnownFileType = image.jpeg; path = 901.jpg; sourceTree = "<group>"; };
		325490201735428B0072F724 /* 902.jpg */ = {isa = PBXFileReference; lastKnownFileType = image.jpeg; path = 902.jpg; sourceTree = "<group>"; };
		325490211735428B0072F724 /* 903.jpg */ = {isa = PBXFileReference; lastKnownFileType = image.jpeg; path = 903.jpg; sourceTree = "<group>"; };
		32A715D01720254F002568A6 /* ASIAuthenticationDialog.h */ = {isa = PBXFileReference; fileEncoding = 4; lastKnownFileType = sourcecode.c.h; path = ASIAuthenticationDialog.h; sourceTree = "<group>"; };
		32A715D11720254F002568A6 /* ASIAuthenticationDialog.m */ = {isa = PBXFileReference; fileEncoding = 4; lastKnownFileType = sourcecode.c.objc; path = ASIAuthenticationDialog.m; sourceTree = "<group>"; };
		32A715D21720254F002568A6 /* ASICacheDelegate.h */ = {isa = PBXFileReference; fileEncoding = 4; lastKnownFileType = sourcecode.c.h; path = ASICacheDelegate.h; sourceTree = "<group>"; };
		32A715D31720254F002568A6 /* ASIDataCompressor.h */ = {isa = PBXFileReference; fileEncoding = 4; lastKnownFileType = sourcecode.c.h; path = ASIDataCompressor.h; sourceTree = "<group>"; };
		32A715D41720254F002568A6 /* ASIDataCompressor.m */ = {isa = PBXFileReference; fileEncoding = 4; lastKnownFileType = sourcecode.c.objc; path = ASIDataCompressor.m; sourceTree = "<group>"; };
		32A715D51720254F002568A6 /* ASIDataDecompressor.h */ = {isa = PBXFileReference; fileEncoding = 4; lastKnownFileType = sourcecode.c.h; path = ASIDataDecompressor.h; sourceTree = "<group>"; };
		32A715D61720254F002568A6 /* ASIDataDecompressor.m */ = {isa = PBXFileReference; fileEncoding = 4; lastKnownFileType = sourcecode.c.objc; path = ASIDataDecompressor.m; sourceTree = "<group>"; };
		32A715D71720254F002568A6 /* ASIDownloadCache.h */ = {isa = PBXFileReference; fileEncoding = 4; lastKnownFileType = sourcecode.c.h; path = ASIDownloadCache.h; sourceTree = "<group>"; };
		32A715D81720254F002568A6 /* ASIDownloadCache.m */ = {isa = PBXFileReference; fileEncoding = 4; lastKnownFileType = sourcecode.c.objc; path = ASIDownloadCache.m; sourceTree = "<group>"; };
		32A715D91720254F002568A6 /* ASIFormDataRequest.h */ = {isa = PBXFileReference; fileEncoding = 4; lastKnownFileType = sourcecode.c.h; path = ASIFormDataRequest.h; sourceTree = "<group>"; };
		32A715DA1720254F002568A6 /* ASIFormDataRequest.m */ = {isa = PBXFileReference; fileEncoding = 4; lastKnownFileType = sourcecode.c.objc; path = ASIFormDataRequest.m; sourceTree = "<group>"; };
		32A715DB1720254F002568A6 /* ASIHTTPRequest.h */ = {isa = PBXFileReference; fileEncoding = 4; lastKnownFileType = sourcecode.c.h; path = ASIHTTPRequest.h; sourceTree = "<group>"; };
		32A715DC1720254F002568A6 /* ASIHTTPRequest.m */ = {isa = PBXFileReference; fileEncoding = 4; lastKnownFileType = sourcecode.c.objc; path = ASIHTTPRequest.m; sourceTree = "<group>"; };
		32A715DD1720254F002568A6 /* ASIHTTPRequestConfig.h */ = {isa = PBXFileReference; fileEncoding = 4; lastKnownFileType = sourcecode.c.h; path = ASIHTTPRequestConfig.h; sourceTree = "<group>"; };
		32A715DE1720254F002568A6 /* ASIHTTPRequestDelegate.h */ = {isa = PBXFileReference; fileEncoding = 4; lastKnownFileType = sourcecode.c.h; path = ASIHTTPRequestDelegate.h; sourceTree = "<group>"; };
		32A715DF1720254F002568A6 /* ASIInputStream.h */ = {isa = PBXFileReference; fileEncoding = 4; lastKnownFileType = sourcecode.c.h; path = ASIInputStream.h; sourceTree = "<group>"; };
		32A715E01720254F002568A6 /* ASIInputStream.m */ = {isa = PBXFileReference; fileEncoding = 4; lastKnownFileType = sourcecode.c.objc; path = ASIInputStream.m; sourceTree = "<group>"; };
		32A715E11720254F002568A6 /* ASINetworkQueue.h */ = {isa = PBXFileReference; fileEncoding = 4; lastKnownFileType = sourcecode.c.h; path = ASINetworkQueue.h; sourceTree = "<group>"; };
		32A715E21720254F002568A6 /* ASINetworkQueue.m */ = {isa = PBXFileReference; fileEncoding = 4; lastKnownFileType = sourcecode.c.objc; path = ASINetworkQueue.m; sourceTree = "<group>"; };
		32A715E31720254F002568A6 /* ASIProgressDelegate.h */ = {isa = PBXFileReference; fileEncoding = 4; lastKnownFileType = sourcecode.c.h; path = ASIProgressDelegate.h; sourceTree = "<group>"; };
		32A715E41720254F002568A6 /* Reachability.h */ = {isa = PBXFileReference; fileEncoding = 4; lastKnownFileType = sourcecode.c.h; path = Reachability.h; sourceTree = "<group>"; };
		32A715E51720254F002568A6 /* Reachability.m */ = {isa = PBXFileReference; fileEncoding = 4; lastKnownFileType = sourcecode.c.objc; path = Reachability.m; sourceTree = "<group>"; };
		32A715EF1720267C002568A6 /* CFNetwork.framework */ = {isa = PBXFileReference; lastKnownFileType = wrapper.framework; name = CFNetwork.framework; path = System/Library/Frameworks/CFNetwork.framework; sourceTree = SDKROOT; };
		32A715F117202719002568A6 /* SystemConfiguration.framework */ = {isa = PBXFileReference; lastKnownFileType = wrapper.framework; name = SystemConfiguration.framework; path = System/Library/Frameworks/SystemConfiguration.framework; sourceTree = SDKROOT; };
		32A715F317202744002568A6 /* MobileCoreServices.framework */ = {isa = PBXFileReference; lastKnownFileType = wrapper.framework; name = MobileCoreServices.framework; path = System/Library/Frameworks/MobileCoreServices.framework; sourceTree = SDKROOT; };
		32A715F51720277B002568A6 /* libz.dylib */ = {isa = PBXFileReference; lastKnownFileType = "compiled.mach-o.dylib"; name = libz.dylib; path = usr/lib/libz.dylib; sourceTree = SDKROOT; };
		32C750691711611400A99E9C /* CoffeeOrder.app */ = {isa = PBXFileReference; explicitFileType = wrapper.application; includeInIndex = 0; path = CoffeeOrder.app; sourceTree = BUILT_PRODUCTS_DIR; };
		32C7506C1711611400A99E9C /* UIKit.framework */ = {isa = PBXFileReference; lastKnownFileType = wrapper.framework; name = UIKit.framework; path = System/Library/Frameworks/UIKit.framework; sourceTree = SDKROOT; };
		32C7506E1711611400A99E9C /* Foundation.framework */ = {isa = PBXFileReference; lastKnownFileType = wrapper.framework; name = Foundation.framework; path = System/Library/Frameworks/Foundation.framework; sourceTree = SDKROOT; };
		32C750701711611400A99E9C /* CoreGraphics.framework */ = {isa = PBXFileReference; lastKnownFileType = wrapper.framework; name = CoreGraphics.framework; path = System/Library/Frameworks/CoreGraphics.framework; sourceTree = SDKROOT; };
		32C750741711611400A99E9C /* CoffeeOrder-Info.plist */ = {isa = PBXFileReference; lastKnownFileType = text.plist.xml; path = "CoffeeOrder-Info.plist"; sourceTree = "<group>"; };
		32C750761711611400A99E9C /* en */ = {isa = PBXFileReference; lastKnownFileType = text.plist.strings; name = en; path = en.lproj/InfoPlist.strings; sourceTree = "<group>"; };
		32C750781711611400A99E9C /* main.m */ = {isa = PBXFileReference; lastKnownFileType = sourcecode.c.objc; path = main.m; sourceTree = "<group>"; };
		32C7507A1711611400A99E9C /* CoffeeOrder-Prefix.pch */ = {isa = PBXFileReference; lastKnownFileType = sourcecode.c.h; path = "CoffeeOrder-Prefix.pch"; sourceTree = "<group>"; };
		32C7507B1711611400A99E9C /* TJAppDelegate.h */ = {isa = PBXFileReference; lastKnownFileType = sourcecode.c.h; path = TJAppDelegate.h; sourceTree = "<group>"; };
		32C7507C1711611400A99E9C /* TJAppDelegate.m */ = {isa = PBXFileReference; lastKnownFileType = sourcecode.c.objc; path = TJAppDelegate.m; sourceTree = "<group>"; };
		32C7507E1711611400A99E9C /* Default.png */ = {isa = PBXFileReference; lastKnownFileType = image.png; path = Default.png; sourceTree = "<group>"; };
		32C750801711611400A99E9C /* Default@2x.png */ = {isa = PBXFileReference; lastKnownFileType = image.png; path = "Default@2x.png"; sourceTree = "<group>"; };
		32C750821711611400A99E9C /* Default-568h@2x.png */ = {isa = PBXFileReference; lastKnownFileType = image.png; path = "Default-568h@2x.png"; sourceTree = "<group>"; };
		32C750851711611400A99E9C /* en */ = {isa = PBXFileReference; lastKnownFileType = file.storyboard; name = en; path = en.lproj/MainStoryboard.storyboard; sourceTree = "<group>"; };
		32C750871711611400A99E9C /* MenuViewController.h */ = {isa = PBXFileReference; lastKnownFileType = sourcecode.c.h; path = MenuViewController.h; sourceTree = "<group>"; };
		32C750881711611400A99E9C /* MenuViewController.m */ = {isa = PBXFileReference; lastKnownFileType = sourcecode.c.objc; path = MenuViewController.m; sourceTree = "<group>"; };
		32C7508A1711611400A99E9C /* first.png */ = {isa = PBXFileReference; lastKnownFileType = image.png; name = first.png; path = CoffeeOrder/first.png; sourceTree = "<group>"; };
		32C7508C1711611400A99E9C /* first@2x.png */ = {isa = PBXFileReference; lastKnownFileType = image.png; name = "first@2x.png"; path = "CoffeeOrder/first@2x.png"; sourceTree = "<group>"; };
		32C7508E1711611400A99E9C /* ShoppingCartViewController.h */ = {isa = PBXFileReference; lastKnownFileType = sourcecode.c.h; path = ShoppingCartViewController.h; sourceTree = "<group>"; };
		32C7508F1711611400A99E9C /* ShoppingCartViewController.m */ = {isa = PBXFileReference; lastKnownFileType = sourcecode.c.objc; path = ShoppingCartViewController.m; sourceTree = "<group>"; };
		32C750911711611400A99E9C /* second.png */ = {isa = PBXFileReference; lastKnownFileType = image.png; name = second.png; path = CoffeeOrder/second.png; sourceTree = "<group>"; };
		32C750931711611400A99E9C /* second@2x.png */ = {isa = PBXFileReference; lastKnownFileType = image.png; name = "second@2x.png"; path = "CoffeeOrder/second@2x.png"; sourceTree = "<group>"; };
		32C7509B1711647F00A99E9C /* UserAccountViewController.h */ = {isa = PBXFileReference; fileEncoding = 4; lastKnownFileType = sourcecode.c.h; path = UserAccountViewController.h; sourceTree = "<group>"; };
		32C7509C1711647F00A99E9C /* UserAccountViewController.m */ = {isa = PBXFileReference; fileEncoding = 4; lastKnownFileType = sourcecode.c.objc; path = UserAccountViewController.m; sourceTree = "<group>"; };
		32C7509E1711649700A99E9C /* AboutUsViewController.h */ = {isa = PBXFileReference; fileEncoding = 4; lastKnownFileType = sourcecode.c.h; path = AboutUsViewController.h; sourceTree = "<group>"; };
		32C7509F1711649700A99E9C /* AboutUsViewController.m */ = {isa = PBXFileReference; fileEncoding = 4; lastKnownFileType = sourcecode.c.objc; path = AboutUsViewController.m; sourceTree = "<group>"; };
		32C8494D171182FA0049204B /* DDMenuController.h */ = {isa = PBXFileReference; fileEncoding = 4; lastKnownFileType = sourcecode.c.h; path = DDMenuController.h; sourceTree = "<group>"; };
		32C8494E171182FB0049204B /* DDMenuController.m */ = {isa = PBXFileReference; fileEncoding = 4; lastKnownFileType = sourcecode.c.objc; path = DDMenuController.m; sourceTree = "<group>"; };
		32C84950171184590049204B /* QuartzCore.framework */ = {isa = PBXFileReference; lastKnownFileType = wrapper.framework; name = QuartzCore.framework; path = System/Library/Frameworks/QuartzCore.framework; sourceTree = SDKROOT; };
		32C849AD17125D610049204B /* SideViewController.h */ = {isa = PBXFileReference; fileEncoding = 4; lastKnownFileType = sourcecode.c.h; name = SideViewController.h; path = ../SideViewController.h; sourceTree = "<group>"; };
		32C849AE17125D610049204B /* SideViewController.m */ = {isa = PBXFileReference; fileEncoding = 4; lastKnownFileType = sourcecode.c.objc; name = SideViewController.m; path = ../SideViewController.m; sourceTree = "<group>"; };
		32C849AF17125D610049204B /* SideViewController.xib */ = {isa = PBXFileReference; fileEncoding = 4; lastKnownFileType = file.xib; path = SideViewController.xib; sourceTree = "<group>"; };
/* End PBXFileReference section */

/* Begin PBXFrameworksBuildPhase section */
		32C750661711611400A99E9C /* Frameworks */ = {
			isa = PBXFrameworksBuildPhase;
			buildActionMask = 2147483647;
			files = (
				32A715F61720277B002568A6 /* libz.dylib in Frameworks */,
				32C750711711611400A99E9C /* CoreGraphics.framework in Frameworks */,
				32A715F417202744002568A6 /* MobileCoreServices.framework in Frameworks */,
				32A715F217202719002568A6 /* SystemConfiguration.framework in Frameworks */,
				32A715F01720267C002568A6 /* CFNetwork.framework in Frameworks */,
				32C84951171184590049204B /* QuartzCore.framework in Frameworks */,
				32C7506D1711611400A99E9C /* UIKit.framework in Frameworks */,
				32C7506F1711611400A99E9C /* Foundation.framework in Frameworks */,
			);
			runOnlyForDeploymentPostprocessing = 0;
		};
/* End PBXFrameworksBuildPhase section */

/* Begin PBXGroup section */
		325413EC172D14CB00446927 /* MyAccount */ = {
			isa = PBXGroup;
			children = (
				325413F0173144B400446927 /* MD5Addition.h */,
				325413F1173144B400446927 /* MD5Addition.m */,
				32C7509B1711647F00A99E9C /* UserAccountViewController.h */,
				32C7509C1711647F00A99E9C /* UserAccountViewController.m */,
				325413E9172D12D200446927 /* LoginViewController.h */,
				325413EA172D12D200446927 /* LoginViewController.m */,
				3254900A17336E200072F724 /* RegisterViewController.h */,
				3254900B17336E200072F724 /* RegisterViewController.m */,
			);
			name = MyAccount;
			sourceTree = "<group>";
		};
		3254901E173542680072F724 /* Images */ = {
			isa = PBXGroup;
			children = (
				3254901F1735428B0072F724 /* 901.jpg */,
				325490201735428B0072F724 /* 902.jpg */,
				325490211735428B0072F724 /* 903.jpg */,
			);
			name = Images;
			sourceTree = "<group>";
		};
		32A715CF1720254F002568A6 /* ASIHTTPRequest */ = {
			isa = PBXGroup;
			children = (
				32A715D01720254F002568A6 /* ASIAuthenticationDialog.h */,
				32A715D11720254F002568A6 /* ASIAuthenticationDialog.m */,
				32A715D21720254F002568A6 /* ASICacheDelegate.h */,
				32A715D31720254F002568A6 /* ASIDataCompressor.h */,
				32A715D41720254F002568A6 /* ASIDataCompressor.m */,
				32A715D51720254F002568A6 /* ASIDataDecompressor.h */,
				32A715D61720254F002568A6 /* ASIDataDecompressor.m */,
				32A715D71720254F002568A6 /* ASIDownloadCache.h */,
				32A715D81720254F002568A6 /* ASIDownloadCache.m */,
				32A715D91720254F002568A6 /* ASIFormDataRequest.h */,
				32A715DA1720254F002568A6 /* ASIFormDataRequest.m */,
				32A715DB1720254F002568A6 /* ASIHTTPRequest.h */,
				32A715DC1720254F002568A6 /* ASIHTTPRequest.m */,
				32A715DD1720254F002568A6 /* ASIHTTPRequestConfig.h */,
				32A715DE1720254F002568A6 /* ASIHTTPRequestDelegate.h */,
				32A715DF1720254F002568A6 /* ASIInputStream.h */,
				32A715E01720254F002568A6 /* ASIInputStream.m */,
				32A715E11720254F002568A6 /* ASINetworkQueue.h */,
				32A715E21720254F002568A6 /* ASINetworkQueue.m */,
				32A715E31720254F002568A6 /* ASIProgressDelegate.h */,
				32A715E41720254F002568A6 /* Reachability.h */,
				32A715E51720254F002568A6 /* Reachability.m */,
			);
			path = ASIHTTPRequest;
			sourceTree = "<group>";
		};
		32C750601711611400A99E9C = {
			isa = PBXGroup;
			children = (
				32A715CF1720254F002568A6 /* ASIHTTPRequest */,
				32C750721711611400A99E9C /* CoffeeOrder */,
				3254901E173542680072F724 /* Images */,
				32C849B2171264DD0049204B /* Views */,
				32C7509A1711612B00A99E9C /* Resources */,
				32C750731711611400A99E9C /* Supporting Files */,
				32C7506B1711611400A99E9C /* Frameworks */,
				32C7506A1711611400A99E9C /* Products */,
			);
			sourceTree = "<group>";
		};
		32C7506A1711611400A99E9C /* Products */ = {
			isa = PBXGroup;
			children = (
				32C750691711611400A99E9C /* CoffeeOrder.app */,
			);
			name = Products;
			sourceTree = "<group>";
		};
		32C7506B1711611400A99E9C /* Frameworks */ = {
			isa = PBXGroup;
			children = (
				32A715F51720277B002568A6 /* libz.dylib */,
				32A715F317202744002568A6 /* MobileCoreServices.framework */,
				32A715F117202719002568A6 /* SystemConfiguration.framework */,
				32A715EF1720267C002568A6 /* CFNetwork.framework */,
				32C84950171184590049204B /* QuartzCore.framework */,
				32C7506C1711611400A99E9C /* UIKit.framework */,
				32C7506E1711611400A99E9C /* Foundation.framework */,
				32C750701711611400A99E9C /* CoreGraphics.framework */,
			);
			name = Frameworks;
			sourceTree = "<group>";
		};
		32C750721711611400A99E9C /* CoffeeOrder */ = {
			isa = PBXGroup;
			children = (
				325413EC172D14CB00446927 /* MyAccount */,
				32C7507B1711611400A99E9C /* TJAppDelegate.h */,
				32C7507C1711611400A99E9C /* TJAppDelegate.m */,
				32C750871711611400A99E9C /* MenuViewController.h */,
				32C750881711611400A99E9C /* MenuViewController.m */,
				32C7508E1711611400A99E9C /* ShoppingCartViewController.h */,
				32C7508F1711611400A99E9C /* ShoppingCartViewController.m */,
				32C7509E1711649700A99E9C /* AboutUsViewController.h */,
				32C7509F1711649700A99E9C /* AboutUsViewController.m */,
				32C849AD17125D610049204B /* SideViewController.h */,
				32C849AE17125D610049204B /* SideViewController.m */,
				32C8494D171182FA0049204B /* DDMenuController.h */,
				32C8494E171182FB0049204B /* DDMenuController.m */,
				325413ED172D1F1D00446927 /* Constants.h */,
				325413EE172D1F1D00446927 /* Constants.m */,
				325490171735117E0072F724 /* MenuCell.h */,
				325490181735117E0072F724 /* MenuCell.m */,
				3254901A173517790072F724 /* MenuCell.xib */,
				3254901C173537960072F724 /* risotto.plist */,
			);
			path = CoffeeOrder;
			sourceTree = "<group>";
		};
		32C750731711611400A99E9C /* Supporting Files */ = {
			isa = PBXGroup;
			children = (
				32C750741711611400A99E9C /* CoffeeOrder-Info.plist */,
				32C750751711611400A99E9C /* InfoPlist.strings */,
				32C750781711611400A99E9C /* main.m */,
				32C7507A1711611400A99E9C /* CoffeeOrder-Prefix.pch */,
				32C7507E1711611400A99E9C /* Default.png */,
				32C750801711611400A99E9C /* Default@2x.png */,
				32C750821711611400A99E9C /* Default-568h@2x.png */,
			);
			name = "Supporting Files";
			path = CoffeeOrder;
			sourceTree = "<group>";
		};
		32C7509A1711612B00A99E9C /* Resources */ = {
			isa = PBXGroup;
			children = (
				32549013173509F50072F724 /* tabBarBg@2x.png */,
				3254901517350A2F0072F724 /* tabBarBg.png */,
				3254900F173505890072F724 /* navigationBg@2x.png */,
				32549011173507470072F724 /* navigationBg.png */,
				32381F7C1714526B00CC4792 /* nav_menu_icon@2x.png */,
				32C7508A1711611400A99E9C /* first.png */,
				32C7508C1711611400A99E9C /* first@2x.png */,
				32C750911711611400A99E9C /* second.png */,
				32C750931711611400A99E9C /* second@2x.png */,
			);
			name = Resources;
			sourceTree = "<group>";
		};
		32C849B2171264DD0049204B /* Views */ = {
			isa = PBXGroup;
			children = (
				32C750841711611400A99E9C /* MainStoryboard.storyboard */,
				32C849AF17125D610049204B /* SideViewController.xib */,
			);
			name = Views;
			sourceTree = "<group>";
		};
/* End PBXGroup section */

/* Begin PBXNativeTarget section */
		32C750681711611400A99E9C /* CoffeeOrder */ = {
			isa = PBXNativeTarget;
			buildConfigurationList = 32C750971711611400A99E9C /* Build configuration list for PBXNativeTarget "CoffeeOrder" */;
			buildPhases = (
				32C750651711611400A99E9C /* Sources */,
				32C750661711611400A99E9C /* Frameworks */,
				32C750671711611400A99E9C /* Resources */,
			);
			buildRules = (
			);
			dependencies = (
			);
			name = CoffeeOrder;
			productName = CoffeeOrder;
			productReference = 32C750691711611400A99E9C /* CoffeeOrder.app */;
			productType = "com.apple.product-type.application";
		};
/* End PBXNativeTarget section */

/* Begin PBXProject section */
		32C750611711611400A99E9C /* Project object */ = {
			isa = PBXProject;
			attributes = {
				CLASSPREFIX = TJ;
				LastUpgradeCheck = 0460;
				ORGANIZATIONNAME = "tj ";
			};
			buildConfigurationList = 32C750641711611400A99E9C /* Build configuration list for PBXProject "CoffeeOrder" */;
			compatibilityVersion = "Xcode 3.2";
			developmentRegion = English;
			hasScannedForEncodings = 0;
			knownRegions = (
				en,
			);
			mainGroup = 32C750601711611400A99E9C;
			productRefGroup = 32C7506A1711611400A99E9C /* Products */;
			projectDirPath = "";
			projectRoot = "";
			targets = (
				32C750681711611400A99E9C /* CoffeeOrder */,
			);
		};
/* End PBXProject section */

/* Begin PBXResourcesBuildPhase section */
		32C750671711611400A99E9C /* Resources */ = {
			isa = PBXResourcesBuildPhase;
			buildActionMask = 2147483647;
			files = (
				32C750771711611400A99E9C /* InfoPlist.strings in Resources */,
				32C7507F1711611400A99E9C /* Default.png in Resources */,
				32C750811711611400A99E9C /* Default@2x.png in Resources */,
				32C750831711611400A99E9C /* Default-568h@2x.png in Resources */,
				32C750861711611400A99E9C /* MainStoryboard.storyboard in Resources */,
				32C7508B1711611400A99E9C /* first.png in Resources */,
				32C7508D1711611400A99E9C /* first@2x.png in Resources */,
				32C750921711611400A99E9C /* second.png in Resources */,
				32C750941711611400A99E9C /* second@2x.png in Resources */,
				32C849B117125D610049204B /* SideViewController.xib in Resources */,
				32381F7D1714526B00CC4792 /* nav_menu_icon@2x.png in Resources */,
				32549010173505890072F724 /* navigationBg@2x.png in Resources */,
				32549012173507470072F724 /* navigationBg.png in Resources */,
				32549014173509F60072F724 /* tabBarBg@2x.png in Resources */,
				3254901617350A2F0072F724 /* tabBarBg.png in Resources */,
				3254901B173517790072F724 /* MenuCell.xib in Resources */,
				3254901D173537960072F724 /* risotto.plist in Resources */,
				325490221735428B0072F724 /* 901.jpg in Resources */,
				325490231735428B0072F724 /* 902.jpg in Resources */,
				325490241735428B0072F724 /* 903.jpg in Resources */,
			);
			runOnlyForDeploymentPostprocessing = 0;
		};
/* End PBXResourcesBuildPhase section */

/* Begin PBXSourcesBuildPhase section */
		32C750651711611400A99E9C /* Sources */ = {
			isa = PBXSourcesBuildPhase;
			buildActionMask = 2147483647;
			files = (
				32C750791711611400A99E9C /* main.m in Sources */,
				32C7507D1711611400A99E9C /* TJAppDelegate.m in Sources */,
				32C750891711611400A99E9C /* MenuViewController.m in Sources */,
				32C750901711611400A99E9C /* ShoppingCartViewController.m in Sources */,
				32C7509D1711647F00A99E9C /* UserAccountViewController.m in Sources */,
				32C750A01711649700A99E9C /* AboutUsViewController.m in Sources */,
				32C8494F171182FB0049204B /* DDMenuController.m in Sources */,
				32C849B017125D610049204B /* SideViewController.m in Sources */,
				32A715E61720254F002568A6 /* ASIAuthenticationDialog.m in Sources */,
				32A715E71720254F002568A6 /* ASIDataCompressor.m in Sources */,
				32A715E81720254F002568A6 /* ASIDataDecompressor.m in Sources */,
				32A715E91720254F002568A6 /* ASIDownloadCache.m in Sources */,
				32A715EA1720254F002568A6 /* ASIFormDataRequest.m in Sources */,
				32A715EB1720254F002568A6 /* ASIHTTPRequest.m in Sources */,
				32A715EC1720254F002568A6 /* ASIInputStream.m in Sources */,
				32A715ED1720254F002568A6 /* ASINetworkQueue.m in Sources */,
				32A715EE1720254F002568A6 /* Reachability.m in Sources */,
				325413EB172D12D200446927 /* LoginViewController.m in Sources */,
				325413EF172D1F1D00446927 /* Constants.m in Sources */,
				325413F2173144B400446927 /* MD5Addition.m in Sources */,
				3254900C17336E200072F724 /* RegisterViewController.m in Sources */,
				325490191735117E0072F724 /* MenuCell.m in Sources */,
			);
			runOnlyForDeploymentPostprocessing = 0;
		};
/* End PBXSourcesBuildPhase section */

/* Begin PBXVariantGroup section */
		32C750751711611400A99E9C /* InfoPlist.strings */ = {
			isa = PBXVariantGroup;
			children = (
				32C750761711611400A99E9C /* en */,
			);
			name = InfoPlist.strings;
			sourceTree = "<group>";
		};
		32C750841711611400A99E9C /* MainStoryboard.storyboard */ = {
			isa = PBXVariantGroup;
			children = (
				32C750851711611400A99E9C /* en */,
			);
			name = MainStoryboard.storyboard;
			path = CoffeeOrder;
			sourceTree = "<group>";
		};
/* End PBXVariantGroup section */

/* Begin XCBuildConfiguration section */
		32C750951711611400A99E9C /* Debug */ = {
			isa = XCBuildConfiguration;
			buildSettings = {
				ALWAYS_SEARCH_USER_PATHS = NO;
				CLANG_CXX_LANGUAGE_STANDARD = "gnu++0x";
				CLANG_CXX_LIBRARY = "libc++";
				CLANG_ENABLE_OBJC_ARC = YES;
				CLANG_WARN_CONSTANT_CONVERSION = YES;
				CLANG_WARN_EMPTY_BODY = YES;
				CLANG_WARN_ENUM_CONVERSION = YES;
				CLANG_WARN_INT_CONVERSION = YES;
				CLANG_WARN__DUPLICATE_METHOD_MATCH = YES;
				CODE_SIGN_IDENTITY = "iPhone Developer";
				"CODE_SIGN_IDENTITY[sdk=iphoneos*]" = "iPhone Developer";
				COPY_PHASE_STRIP = NO;
				GCC_C_LANGUAGE_STANDARD = gnu99;
				GCC_DYNAMIC_NO_PIC = NO;
				GCC_OPTIMIZATION_LEVEL = 0;
				GCC_PREPROCESSOR_DEFINITIONS = (
					"DEBUG=1",
					"$(inherited)",
				);
				GCC_SYMBOLS_PRIVATE_EXTERN = NO;
				GCC_WARN_ABOUT_RETURN_TYPE = YES;
				GCC_WARN_UNINITIALIZED_AUTOS = YES;
				GCC_WARN_UNUSED_VARIABLE = YES;
				IPHONEOS_DEPLOYMENT_TARGET = 5.1;
				ONLY_ACTIVE_ARCH = YES;
				PROVISIONING_PROFILE = "";
				RUN_CLANG_STATIC_ANALYZER = NO;
				SDKROOT = iphoneos;
			};
			name = Debug;
		};
		32C750961711611400A99E9C /* Release */ = {
			isa = XCBuildConfiguration;
			buildSettings = {
				ALWAYS_SEARCH_USER_PATHS = NO;
				CLANG_CXX_LANGUAGE_STANDARD = "gnu++0x";
				CLANG_CXX_LIBRARY = "libc++";
				CLANG_ENABLE_OBJC_ARC = YES;
				CLANG_WARN_CONSTANT_CONVERSION = YES;
				CLANG_WARN_EMPTY_BODY = YES;
				CLANG_WARN_ENUM_CONVERSION = YES;
				CLANG_WARN_INT_CONVERSION = YES;
				CLANG_WARN__DUPLICATE_METHOD_MATCH = YES;
				"CODE_SIGN_IDENTITY[sdk=iphoneos*]" = "iPhone Developer";
				COPY_PHASE_STRIP = YES;
				GCC_C_LANGUAGE_STANDARD = gnu99;
				GCC_WARN_ABOUT_RETURN_TYPE = YES;
				GCC_WARN_UNINITIALIZED_AUTOS = YES;
				GCC_WARN_UNUSED_VARIABLE = YES;
				IPHONEOS_DEPLOYMENT_TARGET = 5.1;
				OTHER_CFLAGS = "-DNS_BLOCK_ASSERTIONS=1";
				RUN_CLANG_STATIC_ANALYZER = NO;
				SDKROOT = iphoneos;
				VALIDATE_PRODUCT = YES;
			};
			name = Release;
		};
		32C750981711611400A99E9C /* Debug */ = {
			isa = XCBuildConfiguration;
			buildSettings = {
				GCC_PRECOMPILE_PREFIX_HEADER = YES;
				GCC_PREFIX_HEADER = "CoffeeOrder/CoffeeOrder-Prefix.pch";
				INFOPLIST_FILE = "CoffeeOrder/CoffeeOrder-Info.plist";
				IPHONEOS_DEPLOYMENT_TARGET = 5.1;
				PRODUCT_NAME = "$(TARGET_NAME)";
				WRAPPER_EXTENSION = app;
			};
			name = Debug;
		};
		32C750991711611400A99E9C /* Release */ = {
			isa = XCBuildConfiguration;
			buildSettings = {
				GCC_PRECOMPILE_PREFIX_HEADER = YES;
				GCC_PREFIX_HEADER = "CoffeeOrder/CoffeeOrder-Prefix.pch";
				INFOPLIST_FILE = "CoffeeOrder/CoffeeOrder-Info.plist";
				IPHONEOS_DEPLOYMENT_TARGET = 5.1;
				PRODUCT_NAME = "$(TARGET_NAME)";
				WRAPPER_EXTENSION = app;
			};
			name = Release;
		};
/* End XCBuildConfiguration section */

/* Begin XCConfigurationList section */
		32C750641711611400A99E9C /* Build configuration list for PBXProject "CoffeeOrder" */ = {
			isa = XCConfigurationList;
			buildConfigurations = (
				32C750951711611400A99E9C /* Debug */,
				32C750961711611400A99E9C /* Release */,
			);
			defaultConfigurationIsVisible = 0;
			defaultConfigurationName = Release;
		};
		32C750971711611400A99E9C /* Build configuration list for PBXNativeTarget "CoffeeOrder" */ = {
			isa = XCConfigurationList;
			buildConfigurations = (
				32C750981711611400A99E9C /* Debug */,
				32C750991711611400A99E9C /* Release */,
			);
			defaultConfigurationIsVisible = 0;
			defaultConfigurationName = Release;
		};
/* End XCConfigurationList section */
	};
	rootObject = 32C750611711611400A99E9C /* Project object */;
}
