// !$*UTF8*$!
{
	archiveVersion = 1;
	classes = {
	};
	objectVersion = 46;
	objects = {

/* Begin PBXBuildFile section */
		321EA1E2174BB640006873B1 /* AddressCell.m in Sources */ = {isa = PBXBuildFile; fileRef = 321EA1E1174BB640006873B1 /* AddressCell.m */; };
		321EA1E4174BB65C006873B1 /* AddressCell.xib in Resources */ = {isa = PBXBuildFile; fileRef = 321EA1E3174BB65C006873B1 /* AddressCell.xib */; };
		322B2F54174A523A002DAEC4 /* CheckOutViewController.m in Sources */ = {isa = PBXBuildFile; fileRef = 322B2F53174A523A002DAEC4 /* CheckOutViewController.m */; };
		322B2F59174A631E002DAEC4 /* LoadingView.m in Sources */ = {isa = PBXBuildFile; fileRef = 322B2F58174A631E002DAEC4 /* LoadingView.m */; settings = {COMPILER_FLAGS = "-fno-objc-arc"; }; };
		322B2F5D174A7445002DAEC4 /* DropDownCell.m in Sources */ = {isa = PBXBuildFile; fileRef = 322B2F5B174A7445002DAEC4 /* DropDownCell.m */; settings = {COMPILER_FLAGS = "-fno-objc-arc"; }; };
		322B2F5E174A7445002DAEC4 /* DropDownCell.xib in Resources */ = {isa = PBXBuildFile; fileRef = 322B2F5C174A7445002DAEC4 /* DropDownCell.xib */; };
		322B2F61174A7452002DAEC4 /* arrow_down.png in Resources */ = {isa = PBXBuildFile; fileRef = 322B2F5F174A7452002DAEC4 /* arrow_down.png */; };
		322B2F62174A7452002DAEC4 /* arrow_up.png in Resources */ = {isa = PBXBuildFile; fileRef = 322B2F60174A7452002DAEC4 /* arrow_up.png */; };
		32381F7D1714526B00CC4792 /* nav_menu_icon@2x.png in Resources */ = {isa = PBXBuildFile; fileRef = 32381F7C1714526B00CC4792 /* nav_menu_icon@2x.png */; };
		325413EB172D12D200446927 /* LoginViewController.m in Sources */ = {isa = PBXBuildFile; fileRef = 325413EA172D12D200446927 /* LoginViewController.m */; };
		325413EF172D1F1D00446927 /* Constants.m in Sources */ = {isa = PBXBuildFile; fileRef = 325413EE172D1F1D00446927 /* Constants.m */; };
		325413F2173144B400446927 /* MD5Addition.m in Sources */ = {isa = PBXBuildFile; fileRef = 325413F1173144B400446927 /* MD5Addition.m */; };
		3254900C17336E200072F724 /* RegisterViewController.m in Sources */ = {isa = PBXBuildFile; fileRef = 3254900B17336E200072F724 /* RegisterViewController.m */; };
		32549010173505890072F724 /* navigationBg@2x.png in Resources */ = {isa = PBXBuildFile; fileRef = 3254900F173505890072F724 /* navigationBg@2x.png */; };
		32549012173507470072F724 /* navigationBg.png in Resources */ = {isa = PBXBuildFile; fileRef = 32549011173507470072F724 /* navigationBg.png */; };
		32549014173509F60072F724 /* tabBarBg@2x.png in Resources */ = {isa = PBXBuildFile; fileRef = 32549013173509F50072F724 /* tabBarBg@2x.png */; };
		3254901617350A2F0072F724 /* tabBarBg.png in Resources */ = {isa = PBXBuildFile; fileRef = 3254901517350A2F0072F724 /* tabBarBg.png */; };
		325490191735117E0072F724 /* MenuCell.m in Sources */ = {isa = PBXBuildFile; fileRef = 325490181735117E0072F724 /* MenuCell.m */; };
		3254901D173537960072F724 /* risotto.plist in Resources */ = {isa = PBXBuildFile; fileRef = 3254901C173537960072F724 /* risotto.plist */; };
		325490221735428B0072F724 /* 901.jpg in Resources */ = {isa = PBXBuildFile; fileRef = 3254901F1735428B0072F724 /* 901.jpg */; };
		325490231735428B0072F724 /* 902.jpg in Resources */ = {isa = PBXBuildFile; fileRef = 325490201735428B0072F724 /* 902.jpg */; };
		325490241735428B0072F724 /* 903.jpg in Resources */ = {isa = PBXBuildFile; fileRef = 325490211735428B0072F724 /* 903.jpg */; };
		325490261737EF870072F724 /* categoryList.plist in Resources */ = {isa = PBXBuildFile; fileRef = 325490251737EF870072F724 /* categoryList.plist */; };
		32549029173A65340072F724 /* salad.plist in Resources */ = {isa = PBXBuildFile; fileRef = 32549028173A65340072F724 /* salad.plist */; };
		3254902B173A65620072F724 /* snack.plist in Resources */ = {isa = PBXBuildFile; fileRef = 3254902A173A65620072F724 /* snack.plist */; };
		3254902D173A65A90072F724 /* soup.plist in Resources */ = {isa = PBXBuildFile; fileRef = 3254902C173A65A90072F724 /* soup.plist */; };
		3254902F173A65B90072F724 /* wrap.plist in Resources */ = {isa = PBXBuildFile; fileRef = 3254902E173A65B90072F724 /* wrap.plist */; };
		32549031173A65D20072F724 /* sandwich.plist in Resources */ = {isa = PBXBuildFile; fileRef = 32549030173A65D20072F724 /* sandwich.plist */; };
		32549033173A65F70072F724 /* pasta.plist in Resources */ = {isa = PBXBuildFile; fileRef = 32549032173A65F70072F724 /* pasta.plist */; };
		32549035173A660C0072F724 /* pizza.plist in Resources */ = {isa = PBXBuildFile; fileRef = 32549034173A660C0072F724 /* pizza.plist */; };
		32549037173A66240072F724 /* dessert.plist in Resources */ = {isa = PBXBuildFile; fileRef = 32549036173A66240072F724 /* dessert.plist */; };
		32549039173A66300072F724 /* smoothies.plist in Resources */ = {isa = PBXBuildFile; fileRef = 32549038173A66300072F724 /* smoothies.plist */; };
		3254903B173A663D0072F724 /* milkshake.plist in Resources */ = {isa = PBXBuildFile; fileRef = 3254903A173A663D0072F724 /* milkshake.plist */; };
		3254903D173A66640072F724 /* fruitjuice.plist in Resources */ = {isa = PBXBuildFile; fileRef = 3254903C173A66640072F724 /* fruitjuice.plist */; };
		3254903F173A66760072F724 /* drinkandwine.plist in Resources */ = {isa = PBXBuildFile; fileRef = 3254903E173A66760072F724 /* drinkandwine.plist */; };
		32549041173A66B10072F724 /* selected.plist in Resources */ = {isa = PBXBuildFile; fileRef = 32549040173A66B10072F724 /* selected.plist */; };
		32549043173A69750072F724 /* 701.jpg in Resources */ = {isa = PBXBuildFile; fileRef = 32549042173A69750072F724 /* 701.jpg */; };
		32621D5E17579000008C14CB /* menu@2x.png in Resources */ = {isa = PBXBuildFile; fileRef = 32621D5C17579000008C14CB /* menu@2x.png */; };
		32621D5F17579000008C14CB /* menu.png in Resources */ = {isa = PBXBuildFile; fileRef = 32621D5D17579000008C14CB /* menu.png */; };
		32621D611757918B008C14CB /* shopping.png in Resources */ = {isa = PBXBuildFile; fileRef = 32621D601757918B008C14CB /* shopping.png */; };
		32621D6317579191008C14CB /* shoppingcart@2x.png in Resources */ = {isa = PBXBuildFile; fileRef = 32621D6217579191008C14CB /* shoppingcart@2x.png */; };
		32621D6517579228008C14CB /* myaccount@2x.png in Resources */ = {isa = PBXBuildFile; fileRef = 32621D6417579228008C14CB /* myaccount@2x.png */; };
		32621D671757922C008C14CB /* myaccount.png in Resources */ = {isa = PBXBuildFile; fileRef = 32621D661757922C008C14CB /* myaccount.png */; };
		32621D6917579290008C14CB /* aboutus@2x.png in Resources */ = {isa = PBXBuildFile; fileRef = 32621D6817579290008C14CB /* aboutus@2x.png */; };
		32621D6B17579298008C14CB /* aboutus.png in Resources */ = {isa = PBXBuildFile; fileRef = 32621D6A17579298008C14CB /* aboutus.png */; };
		32621D7517579C75008C14CB /* 201.jpg in Resources */ = {isa = PBXBuildFile; fileRef = 32621D6C17579C75008C14CB /* 201.jpg */; };
		32621D7617579C75008C14CB /* 202.jpg in Resources */ = {isa = PBXBuildFile; fileRef = 32621D6D17579C75008C14CB /* 202.jpg */; };
		32621D7717579C75008C14CB /* 203.jpg in Resources */ = {isa = PBXBuildFile; fileRef = 32621D6E17579C75008C14CB /* 203.jpg */; };
		32621D7817579C75008C14CB /* 207.jpg in Resources */ = {isa = PBXBuildFile; fileRef = 32621D6F17579C75008C14CB /* 207.jpg */; };
		32621D7917579C75008C14CB /* 208.jpg in Resources */ = {isa = PBXBuildFile; fileRef = 32621D7017579C75008C14CB /* 208.jpg */; };
		32621D7A17579C75008C14CB /* 209.jpg in Resources */ = {isa = PBXBuildFile; fileRef = 32621D7117579C75008C14CB /* 209.jpg */; };
		32621D7B17579C75008C14CB /* 211.jpg in Resources */ = {isa = PBXBuildFile; fileRef = 32621D7217579C75008C14CB /* 211.jpg */; };
		32621D7C17579C75008C14CB /* 221.jpg in Resources */ = {isa = PBXBuildFile; fileRef = 32621D7317579C75008C14CB /* 221.jpg */; };
		32621D7D17579C75008C14CB /* 225.jpg in Resources */ = {isa = PBXBuildFile; fileRef = 32621D7417579C75008C14CB /* 225.jpg */; };
		3270C694174E22AB00E03FD3 /* AddressProcessView.m in Sources */ = {isa = PBXBuildFile; fileRef = 3270C693174E22AB00E03FD3 /* AddressProcessView.m */; };
		3270C6A0174E690600E03FD3 /* 101.jpg in Resources */ = {isa = PBXBuildFile; fileRef = 3270C695174E690600E03FD3 /* 101.jpg */; };
		3270C6A1174E690600E03FD3 /* 104.jpg in Resources */ = {isa = PBXBuildFile; fileRef = 3270C696174E690600E03FD3 /* 104.jpg */; };
		3270C6A2174E690600E03FD3 /* 105.jpg in Resources */ = {isa = PBXBuildFile; fileRef = 3270C697174E690600E03FD3 /* 105.jpg */; };
		3270C6A3174E690600E03FD3 /* 106.jpg in Resources */ = {isa = PBXBuildFile; fileRef = 3270C698174E690600E03FD3 /* 106.jpg */; };
		3270C6A4174E690600E03FD3 /* 108.jpg in Resources */ = {isa = PBXBuildFile; fileRef = 3270C699174E690600E03FD3 /* 108.jpg */; };
		3270C6A5174E690600E03FD3 /* 112.jpg in Resources */ = {isa = PBXBuildFile; fileRef = 3270C69A174E690600E03FD3 /* 112.jpg */; };
		3270C6A6174E690600E03FD3 /* 113.jpg in Resources */ = {isa = PBXBuildFile; fileRef = 3270C69B174E690600E03FD3 /* 113.jpg */; };
		3270C6A7174E690600E03FD3 /* 115.jpg in Resources */ = {isa = PBXBuildFile; fileRef = 3270C69C174E690600E03FD3 /* 115.jpg */; };
		3270C6A8174E690600E03FD3 /* 116.jpg in Resources */ = {isa = PBXBuildFile; fileRef = 3270C69D174E690600E03FD3 /* 116.jpg */; };
		3270C6A9174E690600E03FD3 /* 117.jpg in Resources */ = {isa = PBXBuildFile; fileRef = 3270C69E174E690600E03FD3 /* 117.jpg */; };
		3270C6AA174E690600E03FD3 /* 133.jpg in Resources */ = {isa = PBXBuildFile; fileRef = 3270C69F174E690600E03FD3 /* 133.jpg */; };
		3296FA831743CCE0001D7890 /* ShoppingCartCell.m in Sources */ = {isa = PBXBuildFile; fileRef = 3296FA821743CCE0001D7890 /* ShoppingCartCell.m */; };
		3296FA851743CD19001D7890 /* ShoppingCartCell.xib in Resources */ = {isa = PBXBuildFile; fileRef = 3296FA841743CD19001D7890 /* ShoppingCartCell.xib */; };
		3296FA8717449358001D7890 /* plus.png in Resources */ = {isa = PBXBuildFile; fileRef = 3296FA8617449358001D7890 /* plus.png */; };
		3296FA891744935F001D7890 /* minus.png in Resources */ = {isa = PBXBuildFile; fileRef = 3296FA881744935F001D7890 /* minus.png */; };
		3296FA8E1744F1FE001D7890 /* AboutUsCell.xib in Resources */ = {isa = PBXBuildFile; fileRef = 3296FA8C1744F1FE001D7890 /* AboutUsCell.xib */; };
		3296FA8F1744F1FE001D7890 /* AboutUsCell.m in Sources */ = {isa = PBXBuildFile; fileRef = 3296FA8D1744F1FE001D7890 /* AboutUsCell.m */; };
		3296FA911744F232001D7890 /* aboutus.plist in Resources */ = {isa = PBXBuildFile; fileRef = 3296FA901744F232001D7890 /* aboutus.plist */; };
		3296FA97174507AF001D7890 /* 601.jpg in Resources */ = {isa = PBXBuildFile; fileRef = 3296FA93174507AF001D7890 /* 601.jpg */; };
		3296FA98174507AF001D7890 /* 603.jpg in Resources */ = {isa = PBXBuildFile; fileRef = 3296FA94174507AF001D7890 /* 603.jpg */; };
		3296FA99174507AF001D7890 /* 608.jpg in Resources */ = {isa = PBXBuildFile; fileRef = 3296FA95174507AF001D7890 /* 608.jpg */; };
		3296FA9A174507AF001D7890 /* 610.jpg in Resources */ = {isa = PBXBuildFile; fileRef = 3296FA96174507AF001D7890 /* 610.jpg */; };
		3296FA9F1745C7F5001D7890 /* inCart@2x.png in Resources */ = {isa = PBXBuildFile; fileRef = 3296FA9B1745C7F5001D7890 /* inCart@2x.png */; };
		3296FAA01745C7F5001D7890 /* inCart.png in Resources */ = {isa = PBXBuildFile; fileRef = 3296FA9C1745C7F5001D7890 /* inCart.png */; };
		3296FAA11745C7F5001D7890 /* addCart@2x.png in Resources */ = {isa = PBXBuildFile; fileRef = 3296FA9D1745C7F5001D7890 /* addCart@2x.png */; };
		3296FAA21745C7F5001D7890 /* addCart.png in Resources */ = {isa = PBXBuildFile; fileRef = 3296FA9E1745C7F5001D7890 /* addCart.png */; };
		3296FAA517460A3F001D7890 /* navMenu@2x.png in Resources */ = {isa = PBXBuildFile; fileRef = 3296FAA317460A3F001D7890 /* navMenu@2x.png */; };
		3296FAA617460A3F001D7890 /* navMenu.png in Resources */ = {isa = PBXBuildFile; fileRef = 3296FAA417460A3F001D7890 /* navMenu.png */; };
		3296FAA9174625A4001D7890 /* GGFullscreenImageViewController.m in Sources */ = {isa = PBXBuildFile; fileRef = 3296FAA8174625A3001D7890 /* GGFullscreenImageViewController.m */; };
		32A715E61720254F002568A6 /* ASIAuthenticationDialog.m in Sources */ = {isa = PBXBuildFile; fileRef = 32A715D11720254F002568A6 /* ASIAuthenticationDialog.m */; settings = {COMPILER_FLAGS = "-fno-objc-arc"; }; };
		32A715E71720254F002568A6 /* ASIDataCompressor.m in Sources */ = {isa = PBXBuildFile; fileRef = 32A715D41720254F002568A6 /* ASIDataCompressor.m */; settings = {COMPILER_FLAGS = "-fno-objc-arc"; }; };
		32A715E81720254F002568A6 /* ASIDataDecompressor.m in Sources */ = {isa = PBXBuildFile; fileRef = 32A715D61720254F002568A6 /* ASIDataDecompressor.m */; settings = {COMPILER_FLAGS = "-fno-objc-arc"; }; };
		32A715E91720254F002568A6 /* ASIDownloadCache.m in Sources */ = {isa = PBXBuildFile; fileRef = 32A715D81720254F002568A6 /* ASIDownloadCache.m */; settings = {COMPILER_FLAGS = "-fno-objc-arc"; }; };
		32A715EA1720254F002568A6 /* ASIFormDataRequest.m in Sources */ = {isa = PBXBuildFile; fileRef = 32A715DA1720254F002568A6 /* ASIFormDataRequest.m */; settings = {COMPILER_FLAGS = "-fno-objc-arc"; }; };
		32A715EB1720254F002568A6 /* ASIHTTPRequest.m in Sources */ = {isa = PBXBuildFile; fileRef = 32A715DC1720254F002568A6 /* ASIHTTPRequest.m */; settings = {COMPILER_FLAGS = "-fno-objc-arc"; }; };
		32A715EC1720254F002568A6 /* ASIInputStream.m in Sources */ = {isa = PBXBuildFile; fileRef = 32A715E01720254F002568A6 /* ASIInputStream.m */; settings = {COMPILER_FLAGS = "-fno-objc-arc"; }; };
		32A715ED1720254F002568A6 /* ASINetworkQueue.m in Sources */ = {isa = PBXBuildFile; fileRef = 32A715E21720254F002568A6 /* ASINetworkQueue.m */; settings = {COMPILER_FLAGS = "-fno-objc-arc"; }; };
		32A715EE1720254F002568A6 /* Reachability.m in Sources */ = {isa = PBXBuildFile; fileRef = 32A715E51720254F002568A6 /* Reachability.m */; settings = {COMPILER_FLAGS = "-fno-objc-arc"; }; };
		32A715F01720267C002568A6 /* CFNetwork.framework in Frameworks */ = {isa = PBXBuildFile; fileRef = 32A715EF1720267C002568A6 /* CFNetwork.framework */; };
		32A715F217202719002568A6 /* SystemConfiguration.framework in Frameworks */ = {isa = PBXBuildFile; fileRef = 32A715F117202719002568A6 /* SystemConfiguration.framework */; };
		32A715F417202744002568A6 /* MobileCoreServices.framework in Frameworks */ = {isa = PBXBuildFile; fileRef = 32A715F317202744002568A6 /* MobileCoreServices.framework */; };
		32A715F61720277B002568A6 /* libz.dylib in Frameworks */ = {isa = PBXBuildFile; fileRef = 32A715F51720277B002568A6 /* libz.dylib */; };
		32BFFB26174F8208002D394F /* Localizable.strings in Resources */ = {isa = PBXBuildFile; fileRef = 32BFFB28174F8208002D394F /* Localizable.strings */; };
		32BFFB33175246B7002D394F /* risotto_en.plist in Resources */ = {isa = PBXBuildFile; fileRef = 32BFFB32175246B7002D394F /* risotto_en.plist */; };
		32BFFB3917524850002D394F /* categoryList_en.plist in Resources */ = {isa = PBXBuildFile; fileRef = 32BFFB3817524850002D394F /* categoryList_en.plist */; };
		32BFFB48175248A2002D394F /* snack_en.plist in Resources */ = {isa = PBXBuildFile; fileRef = 32BFFB3A175248A1002D394F /* snack_en.plist */; };
		32BFFB49175248A2002D394F /* wrap_en.plist in Resources */ = {isa = PBXBuildFile; fileRef = 32BFFB3B175248A1002D394F /* wrap_en.plist */; };
		32BFFB4A175248A2002D394F /* sandwich_en.plist in Resources */ = {isa = PBXBuildFile; fileRef = 32BFFB3C175248A1002D394F /* sandwich_en.plist */; };
		32BFFB4B175248A2002D394F /* pasta_en.plist in Resources */ = {isa = PBXBuildFile; fileRef = 32BFFB3D175248A1002D394F /* pasta_en.plist */; };
		32BFFB4C175248A2002D394F /* dessert_en.plist in Resources */ = {isa = PBXBuildFile; fileRef = 32BFFB3E175248A1002D394F /* dessert_en.plist */; };
		32BFFB4D175248A2002D394F /* smoothies_en.plist in Resources */ = {isa = PBXBuildFile; fileRef = 32BFFB3F175248A1002D394F /* smoothies_en.plist */; };
		32BFFB4E175248A2002D394F /* milkshake_en.plist in Resources */ = {isa = PBXBuildFile; fileRef = 32BFFB40175248A2002D394F /* milkshake_en.plist */; };
		32BFFB4F175248A2002D394F /* fruitjuice_en.plist in Resources */ = {isa = PBXBuildFile; fileRef = 32BFFB41175248A2002D394F /* fruitjuice_en.plist */; };
		32BFFB50175248A2002D394F /* drinkandwine_en.plist in Resources */ = {isa = PBXBuildFile; fileRef = 32BFFB42175248A2002D394F /* drinkandwine_en.plist */; };
		32BFFB51175248A2002D394F /* selected_en.plist in Resources */ = {isa = PBXBuildFile; fileRef = 32BFFB43175248A2002D394F /* selected_en.plist */; };
		32BFFB52175248A2002D394F /* soup_en.plist in Resources */ = {isa = PBXBuildFile; fileRef = 32BFFB44175248A2002D394F /* soup_en.plist */; };
		32BFFB53175248A2002D394F /* aboutus_en.plist in Resources */ = {isa = PBXBuildFile; fileRef = 32BFFB45175248A2002D394F /* aboutus_en.plist */; };
		32BFFB54175248A2002D394F /* salad_en.plist in Resources */ = {isa = PBXBuildFile; fileRef = 32BFFB46175248A2002D394F /* salad_en.plist */; };
		32BFFB55175248A2002D394F /* pizza_en.plist in Resources */ = {isa = PBXBuildFile; fileRef = 32BFFB47175248A2002D394F /* pizza_en.plist */; };
		32BFFB56175397DB002D394F /* MenuCell.xib in Resources */ = {isa = PBXBuildFile; fileRef = 32BFFB58175397DB002D394F /* MenuCell.xib */; };
		32C7506D1711611400A99E9C /* UIKit.framework in Frameworks */ = {isa = PBXBuildFile; fileRef = 32C7506C1711611400A99E9C /* UIKit.framework */; };
		32C7506F1711611400A99E9C /* Foundation.framework in Frameworks */ = {isa = PBXBuildFile; fileRef = 32C7506E1711611400A99E9C /* Foundation.framework */; };
		32C750711711611400A99E9C /* CoreGraphics.framework in Frameworks */ = {isa = PBXBuildFile; fileRef = 32C750701711611400A99E9C /* CoreGraphics.framework */; };
		32C750771711611400A99E9C /* InfoPlist.strings in Resources */ = {isa = PBXBuildFile; fileRef = 32C750751711611400A99E9C /* InfoPlist.strings */; };
		32C750791711611400A99E9C /* main.m in Sources */ = {isa = PBXBuildFile; fileRef = 32C750781711611400A99E9C /* main.m */; };
		32C7507D1711611400A99E9C /* TJAppDelegate.m in Sources */ = {isa = PBXBuildFile; fileRef = 32C7507C1711611400A99E9C /* TJAppDelegate.m */; };
		32C7507F1711611400A99E9C /* Default.png in Resources */ = {isa = PBXBuildFile; fileRef = 32C7507E1711611400A99E9C /* Default.png */; };
		32C750811711611400A99E9C /* Default@2x.png in Resources */ = {isa = PBXBuildFile; fileRef = 32C750801711611400A99E9C /* Default@2x.png */; };
		32C750831711611400A99E9C /* Default-568h@2x.png in Resources */ = {isa = PBXBuildFile; fileRef = 32C750821711611400A99E9C /* Default-568h@2x.png */; };
		32C750861711611400A99E9C /* MainStoryboard.storyboard in Resources */ = {isa = PBXBuildFile; fileRef = 32C750841711611400A99E9C /* MainStoryboard.storyboard */; };
		32C750891711611400A99E9C /* MenuViewController.m in Sources */ = {isa = PBXBuildFile; fileRef = 32C750881711611400A99E9C /* MenuViewController.m */; };
		32C7508B1711611400A99E9C /* first.png in Resources */ = {isa = PBXBuildFile; fileRef = 32C7508A1711611400A99E9C /* first.png */; };
		32C7508D1711611400A99E9C /* first@2x.png in Resources */ = {isa = PBXBuildFile; fileRef = 32C7508C1711611400A99E9C /* first@2x.png */; };
		32C750901711611400A99E9C /* ShoppingCartViewController.m in Sources */ = {isa = PBXBuildFile; fileRef = 32C7508F1711611400A99E9C /* ShoppingCartViewController.m */; };
		32C750921711611400A99E9C /* second.png in Resources */ = {isa = PBXBuildFile; fileRef = 32C750911711611400A99E9C /* second.png */; };
		32C750941711611400A99E9C /* second@2x.png in Resources */ = {isa = PBXBuildFile; fileRef = 32C750931711611400A99E9C /* second@2x.png */; };
		32C7509D1711647F00A99E9C /* UserAccountViewController.m in Sources */ = {isa = PBXBuildFile; fileRef = 32C7509C1711647F00A99E9C /* UserAccountViewController.m */; };
		32C750A01711649700A99E9C /* AboutUsViewController.m in Sources */ = {isa = PBXBuildFile; fileRef = 32C7509F1711649700A99E9C /* AboutUsViewController.m */; };
		32C8494F171182FB0049204B /* DDMenuController.m in Sources */ = {isa = PBXBuildFile; fileRef = 32C8494E171182FB0049204B /* DDMenuController.m */; };
		32C84951171184590049204B /* QuartzCore.framework in Frameworks */ = {isa = PBXBuildFile; fileRef = 32C84950171184590049204B /* QuartzCore.framework */; };
		32C849B017125D610049204B /* SideViewController.m in Sources */ = {isa = PBXBuildFile; fileRef = 32C849AE17125D610049204B /* SideViewController.m */; };
		32C849B117125D610049204B /* SideViewController.xib in Resources */ = {isa = PBXBuildFile; fileRef = 32C849AF17125D610049204B /* SideViewController.xib */; };
/* End PBXBuildFile section */

/* Begin PBXFileReference section */
		321EA1E0174BB640006873B1 /* AddressCell.h */ = {isa = PBXFileReference; fileEncoding = 4; lastKnownFileType = sourcecode.c.h; path = AddressCell.h; sourceTree = "<group>"; };
		321EA1E1174BB640006873B1 /* AddressCell.m */ = {isa = PBXFileReference; fileEncoding = 4; lastKnownFileType = sourcecode.c.objc; path = AddressCell.m; sourceTree = "<group>"; };
		321EA1E3174BB65C006873B1 /* AddressCell.xib */ = {isa = PBXFileReference; fileEncoding = 4; lastKnownFileType = file.xib; path = AddressCell.xib; sourceTree = "<group>"; };
		322B2F52174A523A002DAEC4 /* CheckOutViewController.h */ = {isa = PBXFileReference; fileEncoding = 4; lastKnownFileType = sourcecode.c.h; path = CheckOutViewController.h; sourceTree = "<group>"; };
		322B2F53174A523A002DAEC4 /* CheckOutViewController.m */ = {isa = PBXFileReference; fileEncoding = 4; lastKnownFileType = sourcecode.c.objc; path = CheckOutViewController.m; sourceTree = "<group>"; };
		322B2F57174A631E002DAEC4 /* LoadingView.h */ = {isa = PBXFileReference; fileEncoding = 4; lastKnownFileType = sourcecode.c.h; path = LoadingView.h; sourceTree = "<group>"; };
		322B2F58174A631E002DAEC4 /* LoadingView.m */ = {isa = PBXFileReference; fileEncoding = 4; lastKnownFileType = sourcecode.c.objc; path = LoadingView.m; sourceTree = "<group>"; };
		322B2F5A174A7445002DAEC4 /* DropDownCell.h */ = {isa = PBXFileReference; fileEncoding = 4; lastKnownFileType = sourcecode.c.h; path = DropDownCell.h; sourceTree = "<group>"; };
		322B2F5B174A7445002DAEC4 /* DropDownCell.m */ = {isa = PBXFileReference; fileEncoding = 4; lastKnownFileType = sourcecode.c.objc; path = DropDownCell.m; sourceTree = "<group>"; };
		322B2F5C174A7445002DAEC4 /* DropDownCell.xib */ = {isa = PBXFileReference; fileEncoding = 4; lastKnownFileType = file.xib; path = DropDownCell.xib; sourceTree = "<group>"; };
		322B2F5F174A7452002DAEC4 /* arrow_down.png */ = {isa = PBXFileReference; lastKnownFileType = image.png; path = arrow_down.png; sourceTree = "<group>"; };
		322B2F60174A7452002DAEC4 /* arrow_up.png */ = {isa = PBXFileReference; lastKnownFileType = image.png; path = arrow_up.png; sourceTree = "<group>"; };
		32381F7C1714526B00CC4792 /* nav_menu_icon@2x.png */ = {isa = PBXFileReference; lastKnownFileType = image.png; path = "nav_menu_icon@2x.png"; sourceTree = "<group>"; };
		325413E9172D12D200446927 /* LoginViewController.h */ = {isa = PBXFileReference; fileEncoding = 4; lastKnownFileType = sourcecode.c.h; path = LoginViewController.h; sourceTree = "<group>"; };
		325413EA172D12D200446927 /* LoginViewController.m */ = {isa = PBXFileReference; fileEncoding = 4; lastKnownFileType = sourcecode.c.objc; path = LoginViewController.m; sourceTree = "<group>"; };
		325413ED172D1F1D00446927 /* Constants.h */ = {isa = PBXFileReference; fileEncoding = 4; lastKnownFileType = sourcecode.c.h; path = Constants.h; sourceTree = "<group>"; };
		325413EE172D1F1D00446927 /* Constants.m */ = {isa = PBXFileReference; fileEncoding = 4; lastKnownFileType = sourcecode.c.objc; path = Constants.m; sourceTree = "<group>"; };
		325413F0173144B400446927 /* MD5Addition.h */ = {isa = PBXFileReference; fileEncoding = 4; lastKnownFileType = sourcecode.c.h; path = MD5Addition.h; sourceTree = "<group>"; };
		325413F1173144B400446927 /* MD5Addition.m */ = {isa = PBXFileReference; fileEncoding = 4; lastKnownFileType = sourcecode.c.objc; path = MD5Addition.m; sourceTree = "<group>"; };
		3254900A17336E200072F724 /* RegisterViewController.h */ = {isa = PBXFileReference; fileEncoding = 4; lastKnownFileType = sourcecode.c.h; path = RegisterViewController.h; sourceTree = "<group>"; };
		3254900B17336E200072F724 /* RegisterViewController.m */ = {isa = PBXFileReference; fileEncoding = 4; lastKnownFileType = sourcecode.c.objc; path = RegisterViewController.m; sourceTree = "<group>"; };
		3254900F173505890072F724 /* navigationBg@2x.png */ = {isa = PBXFileReference; lastKnownFileType = image.png; path = "navigationBg@2x.png"; sourceTree = "<group>"; };
		32549011173507470072F724 /* navigationBg.png */ = {isa = PBXFileReference; lastKnownFileType = image.png; path = navigationBg.png; sourceTree = "<group>"; };
		32549013173509F50072F724 /* tabBarBg@2x.png */ = {isa = PBXFileReference; lastKnownFileType = image.png; path = "tabBarBg@2x.png"; sourceTree = "<group>"; };
		3254901517350A2F0072F724 /* tabBarBg.png */ = {isa = PBXFileReference; lastKnownFileType = image.png; path = tabBarBg.png; sourceTree = "<group>"; };
		325490171735117E0072F724 /* MenuCell.h */ = {isa = PBXFileReference; fileEncoding = 4; lastKnownFileType = sourcecode.c.h; path = MenuCell.h; sourceTree = "<group>"; };
		325490181735117E0072F724 /* MenuCell.m */ = {isa = PBXFileReference; fileEncoding = 4; lastKnownFileType = sourcecode.c.objc; path = MenuCell.m; sourceTree = "<group>"; };
		3254901C173537960072F724 /* risotto.plist */ = {isa = PBXFileReference; fileEncoding = 4; lastKnownFileType = text.plist.xml; name = risotto.plist; path = CoffeeOrder/risotto.plist; sourceTree = "<group>"; };
		3254901F1735428B0072F724 /* 901.jpg */ = {isa = PBXFileReference; lastKnownFileType = image.jpeg; path = 901.jpg; sourceTree = "<group>"; };
		325490201735428B0072F724 /* 902.jpg */ = {isa = PBXFileReference; lastKnownFileType = image.jpeg; path = 902.jpg; sourceTree = "<group>"; };
		325490211735428B0072F724 /* 903.jpg */ = {isa = PBXFileReference; lastKnownFileType = image.jpeg; path = 903.jpg; sourceTree = "<group>"; };
		325490251737EF870072F724 /* categoryList.plist */ = {isa = PBXFileReference; fileEncoding = 4; lastKnownFileType = text.plist.xml; name = categoryList.plist; path = CoffeeOrder/categoryList.plist; sourceTree = "<group>"; };
		32549028173A65340072F724 /* salad.plist */ = {isa = PBXFileReference; fileEncoding = 4; lastKnownFileType = text.plist.xml; path = salad.plist; sourceTree = "<group>"; };
		3254902A173A65620072F724 /* snack.plist */ = {isa = PBXFileReference; fileEncoding = 4; lastKnownFileType = text.plist.xml; path = snack.plist; sourceTree = "<group>"; };
		3254902C173A65A90072F724 /* soup.plist */ = {isa = PBXFileReference; fileEncoding = 4; lastKnownFileType = text.plist.xml; path = soup.plist; sourceTree = "<group>"; };
		3254902E173A65B90072F724 /* wrap.plist */ = {isa = PBXFileReference; fileEncoding = 4; lastKnownFileType = text.plist.xml; path = wrap.plist; sourceTree = "<group>"; };
		32549030173A65D20072F724 /* sandwich.plist */ = {isa = PBXFileReference; fileEncoding = 4; lastKnownFileType = text.plist.xml; path = sandwich.plist; sourceTree = "<group>"; };
		32549032173A65F70072F724 /* pasta.plist */ = {isa = PBXFileReference; fileEncoding = 4; lastKnownFileType = text.plist.xml; path = pasta.plist; sourceTree = "<group>"; };
		32549034173A660C0072F724 /* pizza.plist */ = {isa = PBXFileReference; fileEncoding = 4; lastKnownFileType = text.plist.xml; path = pizza.plist; sourceTree = "<group>"; };
		32549036173A66240072F724 /* dessert.plist */ = {isa = PBXFileReference; fileEncoding = 4; lastKnownFileType = text.plist.xml; path = dessert.plist; sourceTree = "<group>"; };
		32549038173A66300072F724 /* smoothies.plist */ = {isa = PBXFileReference; fileEncoding = 4; lastKnownFileType = text.plist.xml; path = smoothies.plist; sourceTree = "<group>"; };
		3254903A173A663D0072F724 /* milkshake.plist */ = {isa = PBXFileReference; fileEncoding = 4; lastKnownFileType = text.plist.xml; path = milkshake.plist; sourceTree = "<group>"; };
		3254903C173A66640072F724 /* fruitjuice.plist */ = {isa = PBXFileReference; fileEncoding = 4; lastKnownFileType = text.plist.xml; path = fruitjuice.plist; sourceTree = "<group>"; };
		3254903E173A66760072F724 /* drinkandwine.plist */ = {isa = PBXFileReference; fileEncoding = 4; lastKnownFileType = text.plist.xml; path = drinkandwine.plist; sourceTree = "<group>"; };
		32549040173A66B10072F724 /* selected.plist */ = {isa = PBXFileReference; fileEncoding = 4; lastKnownFileType = text.plist.xml; path = selected.plist; sourceTree = "<group>"; };
		32549042173A69750072F724 /* 701.jpg */ = {isa = PBXFileReference; lastKnownFileType = image.jpeg; path = 701.jpg; sourceTree = "<group>"; };
		32621D5C17579000008C14CB /* menu@2x.png */ = {isa = PBXFileReference; lastKnownFileType = image.png; path = "menu@2x.png"; sourceTree = "<group>"; };
		32621D5D17579000008C14CB /* menu.png */ = {isa = PBXFileReference; lastKnownFileType = image.png; path = menu.png; sourceTree = "<group>"; };
		32621D601757918B008C14CB /* shopping.png */ = {isa = PBXFileReference; lastKnownFileType = image.png; path = shopping.png; sourceTree = "<group>"; };
		32621D6217579191008C14CB /* shoppingcart@2x.png */ = {isa = PBXFileReference; lastKnownFileType = image.png; path = "shoppingcart@2x.png"; sourceTree = "<group>"; };
		32621D6417579228008C14CB /* myaccount@2x.png */ = {isa = PBXFileReference; lastKnownFileType = image.png; path = "myaccount@2x.png"; sourceTree = "<group>"; };
		32621D661757922C008C14CB /* myaccount.png */ = {isa = PBXFileReference; lastKnownFileType = image.png; path = myaccount.png; sourceTree = "<group>"; };
		32621D6817579290008C14CB /* aboutus@2x.png */ = {isa = PBXFileReference; lastKnownFileType = image.png; path = "aboutus@2x.png"; sourceTree = "<group>"; };
		32621D6A17579298008C14CB /* aboutus.png */ = {isa = PBXFileReference; lastKnownFileType = image.png; path = aboutus.png; sourceTree = "<group>"; };
		32621D6C17579C75008C14CB /* 201.jpg */ = {isa = PBXFileReference; lastKnownFileType = image.jpeg; path = 201.jpg; sourceTree = "<group>"; };
		32621D6D17579C75008C14CB /* 202.jpg */ = {isa = PBXFileReference; lastKnownFileType = image.jpeg; path = 202.jpg; sourceTree = "<group>"; };
		32621D6E17579C75008C14CB /* 203.jpg */ = {isa = PBXFileReference; lastKnownFileType = image.jpeg; path = 203.jpg; sourceTree = "<group>"; };
		32621D6F17579C75008C14CB /* 207.jpg */ = {isa = PBXFileReference; lastKnownFileType = image.jpeg; path = 207.jpg; sourceTree = "<group>"; };
		32621D7017579C75008C14CB /* 208.jpg */ = {isa = PBXFileReference; lastKnownFileType = image.jpeg; path = 208.jpg; sourceTree = "<group>"; };
		32621D7117579C75008C14CB /* 209.jpg */ = {isa = PBXFileReference; lastKnownFileType = image.jpeg; path = 209.jpg; sourceTree = "<group>"; };
		32621D7217579C75008C14CB /* 211.jpg */ = {isa = PBXFileReference; lastKnownFileType = image.jpeg; path = 211.jpg; sourceTree = "<group>"; };
		32621D7317579C75008C14CB /* 221.jpg */ = {isa = PBXFileReference; lastKnownFileType = image.jpeg; path = 221.jpg; sourceTree = "<group>"; };
		32621D7417579C75008C14CB /* 225.jpg */ = {isa = PBXFileReference; lastKnownFileType = image.jpeg; path = 225.jpg; sourceTree = "<group>"; };
		3270C692174E22AB00E03FD3 /* AddressProcessView.h */ = {isa = PBXFileReference; fileEncoding = 4; lastKnownFileType = sourcecode.c.h; path = AddressProcessView.h; sourceTree = "<group>"; };
		3270C693174E22AB00E03FD3 /* AddressProcessView.m */ = {isa = PBXFileReference; fileEncoding = 4; lastKnownFileType = sourcecode.c.objc; path = AddressProcessView.m; sourceTree = "<group>"; };
		3270C695174E690600E03FD3 /* 101.jpg */ = {isa = PBXFileReference; lastKnownFileType = image.jpeg; path = 101.jpg; sourceTree = "<group>"; };
		3270C696174E690600E03FD3 /* 104.jpg */ = {isa = PBXFileReference; lastKnownFileType = image.jpeg; path = 104.jpg; sourceTree = "<group>"; };
		3270C697174E690600E03FD3 /* 105.jpg */ = {isa = PBXFileReference; lastKnownFileType = image.jpeg; path = 105.jpg; sourceTree = "<group>"; };
		3270C698174E690600E03FD3 /* 106.jpg */ = {isa = PBXFileReference; lastKnownFileType = image.jpeg; path = 106.jpg; sourceTree = "<group>"; };
		3270C699174E690600E03FD3 /* 108.jpg */ = {isa = PBXFileReference; lastKnownFileType = image.jpeg; path = 108.jpg; sourceTree = "<group>"; };
		3270C69A174E690600E03FD3 /* 112.jpg */ = {isa = PBXFileReference; lastKnownFileType = image.jpeg; path = 112.jpg; sourceTree = "<group>"; };
		3270C69B174E690600E03FD3 /* 113.jpg */ = {isa = PBXFileReference; lastKnownFileType = image.jpeg; path = 113.jpg; sourceTree = "<group>"; };
		3270C69C174E690600E03FD3 /* 115.jpg */ = {isa = PBXFileReference; lastKnownFileType = image.jpeg; path = 115.jpg; sourceTree = "<group>"; };
		3270C69D174E690600E03FD3 /* 116.jpg */ = {isa = PBXFileReference; lastKnownFileType = image.jpeg; path = 116.jpg; sourceTree = "<group>"; };
		3270C69E174E690600E03FD3 /* 117.jpg */ = {isa = PBXFileReference; lastKnownFileType = image.jpeg; path = 117.jpg; sourceTree = "<group>"; };
		3270C69F174E690600E03FD3 /* 133.jpg */ = {isa = PBXFileReference; lastKnownFileType = image.jpeg; path = 133.jpg; sourceTree = "<group>"; };
		3296FA811743CCE0001D7890 /* ShoppingCartCell.h */ = {isa = PBXFileReference; fileEncoding = 4; lastKnownFileType = sourcecode.c.h; path = ShoppingCartCell.h; sourceTree = "<group>"; };
		3296FA821743CCE0001D7890 /* ShoppingCartCell.m */ = {isa = PBXFileReference; fileEncoding = 4; lastKnownFileType = sourcecode.c.objc; path = ShoppingCartCell.m; sourceTree = "<group>"; };
		3296FA841743CD19001D7890 /* ShoppingCartCell.xib */ = {isa = PBXFileReference; fileEncoding = 4; lastKnownFileType = file.xib; path = ShoppingCartCell.xib; sourceTree = "<group>"; };
		3296FA8617449358001D7890 /* plus.png */ = {isa = PBXFileReference; lastKnownFileType = image.png; path = plus.png; sourceTree = "<group>"; };
		3296FA881744935F001D7890 /* minus.png */ = {isa = PBXFileReference; lastKnownFileType = image.png; path = minus.png; sourceTree = "<group>"; };
		3296FA8B1744F1FE001D7890 /* AboutUsCell.h */ = {isa = PBXFileReference; fileEncoding = 4; lastKnownFileType = sourcecode.c.h; path = AboutUsCell.h; sourceTree = "<group>"; };
		3296FA8C1744F1FE001D7890 /* AboutUsCell.xib */ = {isa = PBXFileReference; fileEncoding = 4; lastKnownFileType = file.xib; path = AboutUsCell.xib; sourceTree = "<group>"; };
		3296FA8D1744F1FE001D7890 /* AboutUsCell.m */ = {isa = PBXFileReference; fileEncoding = 4; lastKnownFileType = sourcecode.c.objc; path = AboutUsCell.m; sourceTree = "<group>"; };
		3296FA901744F232001D7890 /* aboutus.plist */ = {isa = PBXFileReference; fileEncoding = 4; lastKnownFileType = text.plist.xml; path = aboutus.plist; sourceTree = "<group>"; };
		3296FA93174507AF001D7890 /* 601.jpg */ = {isa = PBXFileReference; lastKnownFileType = image.jpeg; path = 601.jpg; sourceTree = "<group>"; };
		3296FA94174507AF001D7890 /* 603.jpg */ = {isa = PBXFileReference; lastKnownFileType = image.jpeg; path = 603.jpg; sourceTree = "<group>"; };
		3296FA95174507AF001D7890 /* 608.jpg */ = {isa = PBXFileReference; lastKnownFileType = image.jpeg; path = 608.jpg; sourceTree = "<group>"; };
		3296FA96174507AF001D7890 /* 610.jpg */ = {isa = PBXFileReference; lastKnownFileType = image.jpeg; path = 610.jpg; sourceTree = "<group>"; };
		3296FA9B1745C7F5001D7890 /* inCart@2x.png */ = {isa = PBXFileReference; lastKnownFileType = image.png; path = "inCart@2x.png"; sourceTree = "<group>"; };
		3296FA9C1745C7F5001D7890 /* inCart.png */ = {isa = PBXFileReference; lastKnownFileType = image.png; path = inCart.png; sourceTree = "<group>"; };
		3296FA9D1745C7F5001D7890 /* addCart@2x.png */ = {isa = PBXFileReference; lastKnownFileType = image.png; path = "addCart@2x.png"; sourceTree = "<group>"; };
		3296FA9E1745C7F5001D7890 /* addCart.png */ = {isa = PBXFileReference; lastKnownFileType = image.png; path = addCart.png; sourceTree = "<group>"; };
		3296FAA317460A3F001D7890 /* navMenu@2x.png */ = {isa = PBXFileReference; lastKnownFileType = image.png; path = "navMenu@2x.png"; sourceTree = "<group>"; };
		3296FAA417460A3F001D7890 /* navMenu.png */ = {isa = PBXFileReference; lastKnownFileType = image.png; path = navMenu.png; sourceTree = "<group>"; };
		3296FAA7174625A2001D7890 /* GGFullscreenImageViewController.h */ = {isa = PBXFileReference; fileEncoding = 4; lastKnownFileType = sourcecode.c.h; path = GGFullscreenImageViewController.h; sourceTree = "<group>"; };
		3296FAA8174625A3001D7890 /* GGFullscreenImageViewController.m */ = {isa = PBXFileReference; fileEncoding = 4; lastKnownFileType = sourcecode.c.objc; path = GGFullscreenImageViewController.m; sourceTree = "<group>"; };
		32A715D01720254F002568A6 /* ASIAuthenticationDialog.h */ = {isa = PBXFileReference; fileEncoding = 4; lastKnownFileType = sourcecode.c.h; path = ASIAuthenticationDialog.h; sourceTree = "<group>"; };
		32A715D11720254F002568A6 /* ASIAuthenticationDialog.m */ = {isa = PBXFileReference; fileEncoding = 4; lastKnownFileType = sourcecode.c.objc; path = ASIAuthenticationDialog.m; sourceTree = "<group>"; };
		32A715D21720254F002568A6 /* ASICacheDelegate.h */ = {isa = PBXFileReference; fileEncoding = 4; lastKnownFileType = sourcecode.c.h; path = ASICacheDelegate.h; sourceTree = "<group>"; };
		32A715D31720254F002568A6 /* ASIDataCompressor.h */ = {isa = PBXFileReference; fileEncoding = 4; lastKnownFileType = sourcecode.c.h; path = ASIDataCompressor.h; sourceTree = "<group>"; };
		32A715D41720254F002568A6 /* ASIDataCompressor.m */ = {isa = PBXFileReference; fileEncoding = 4; lastKnownFileType = sourcecode.c.objc; path = ASIDataCompressor.m; sourceTree = "<group>"; };
		32A715D51720254F002568A6 /* ASIDataDecompressor.h */ = {isa = PBXFileReference; fileEncoding = 4; lastKnownFileType = sourcecode.c.h; path = ASIDataDecompressor.h; sourceTree = "<group>"; };
		32A715D61720254F002568A6 /* ASIDataDecompressor.m */ = {isa = PBXFileReference; fileEncoding = 4; lastKnownFileType = sourcecode.c.objc; path = ASIDataDecompressor.m; sourceTree = "<group>"; };
		32A715D71720254F002568A6 /* ASIDownloadCache.h */ = {isa = PBXFileReference; fileEncoding = 4; lastKnownFileType = sourcecode.c.h; path = ASIDownloadCache.h; sourceTree = "<group>"; };
		32A715D81720254F002568A6 /* ASIDownloadCache.m */ = {isa = PBXFileReference; fileEncoding = 4; lastKnownFileType = sourcecode.c.objc; path = ASIDownloadCache.m; sourceTree = "<group>"; };
		32A715D91720254F002568A6 /* ASIFormDataRequest.h */ = {isa = PBXFileReference; fileEncoding = 4; lastKnownFileType = sourcecode.c.h; path = ASIFormDataRequest.h; sourceTree = "<group>"; };
		32A715DA1720254F002568A6 /* ASIFormDataRequest.m */ = {isa = PBXFileReference; fileEncoding = 4; lastKnownFileType = sourcecode.c.objc; path = ASIFormDataRequest.m; sourceTree = "<group>"; };
		32A715DB1720254F002568A6 /* ASIHTTPRequest.h */ = {isa = PBXFileReference; fileEncoding = 4; lastKnownFileType = sourcecode.c.h; path = ASIHTTPRequest.h; sourceTree = "<group>"; };
		32A715DC1720254F002568A6 /* ASIHTTPRequest.m */ = {isa = PBXFileReference; fileEncoding = 4; lastKnownFileType = sourcecode.c.objc; path = ASIHTTPRequest.m; sourceTree = "<group>"; };
		32A715DD1720254F002568A6 /* ASIHTTPRequestConfig.h */ = {isa = PBXFileReference; fileEncoding = 4; lastKnownFileType = sourcecode.c.h; path = ASIHTTPRequestConfig.h; sourceTree = "<group>"; };
		32A715DE1720254F002568A6 /* ASIHTTPRequestDelegate.h */ = {isa = PBXFileReference; fileEncoding = 4; lastKnownFileType = sourcecode.c.h; path = ASIHTTPRequestDelegate.h; sourceTree = "<group>"; };
		32A715DF1720254F002568A6 /* ASIInputStream.h */ = {isa = PBXFileReference; fileEncoding = 4; lastKnownFileType = sourcecode.c.h; path = ASIInputStream.h; sourceTree = "<group>"; };
		32A715E01720254F002568A6 /* ASIInputStream.m */ = {isa = PBXFileReference; fileEncoding = 4; lastKnownFileType = sourcecode.c.objc; path = ASIInputStream.m; sourceTree = "<group>"; };
		32A715E11720254F002568A6 /* ASINetworkQueue.h */ = {isa = PBXFileReference; fileEncoding = 4; lastKnownFileType = sourcecode.c.h; path = ASINetworkQueue.h; sourceTree = "<group>"; };
		32A715E21720254F002568A6 /* ASINetworkQueue.m */ = {isa = PBXFileReference; fileEncoding = 4; lastKnownFileType = sourcecode.c.objc; path = ASINetworkQueue.m; sourceTree = "<group>"; };
		32A715E31720254F002568A6 /* ASIProgressDelegate.h */ = {isa = PBXFileReference; fileEncoding = 4; lastKnownFileType = sourcecode.c.h; path = ASIProgressDelegate.h; sourceTree = "<group>"; };
		32A715E41720254F002568A6 /* Reachability.h */ = {isa = PBXFileReference; fileEncoding = 4; lastKnownFileType = sourcecode.c.h; path = Reachability.h; sourceTree = "<group>"; };
		32A715E51720254F002568A6 /* Reachability.m */ = {isa = PBXFileReference; fileEncoding = 4; lastKnownFileType = sourcecode.c.objc; path = Reachability.m; sourceTree = "<group>"; };
		32A715EF1720267C002568A6 /* CFNetwork.framework */ = {isa = PBXFileReference; lastKnownFileType = wrapper.framework; name = CFNetwork.framework; path = System/Library/Frameworks/CFNetwork.framework; sourceTree = SDKROOT; };
		32A715F117202719002568A6 /* SystemConfiguration.framework */ = {isa = PBXFileReference; lastKnownFileType = wrapper.framework; name = SystemConfiguration.framework; path = System/Library/Frameworks/SystemConfiguration.framework; sourceTree = SDKROOT; };
		32A715F317202744002568A6 /* MobileCoreServices.framework */ = {isa = PBXFileReference; lastKnownFileType = wrapper.framework; name = MobileCoreServices.framework; path = System/Library/Frameworks/MobileCoreServices.framework; sourceTree = SDKROOT; };
		32A715F51720277B002568A6 /* libz.dylib */ = {isa = PBXFileReference; lastKnownFileType = "compiled.mach-o.dylib"; name = libz.dylib; path = usr/lib/libz.dylib; sourceTree = SDKROOT; };
		32BFFB27174F8208002D394F /* en */ = {isa = PBXFileReference; lastKnownFileType = text.plist.strings; name = en; path = en.lproj/Localizable.strings; sourceTree = "<group>"; };
		32BFFB29174F82A8002D394F /* zh-Hans */ = {isa = PBXFileReference; lastKnownFileType = file.storyboard; name = "zh-Hans"; path = "zh-Hans.lproj/MainStoryboard.storyboard"; sourceTree = "<group>"; };
		32BFFB2A174F82A8002D394F /* zh-Hans */ = {isa = PBXFileReference; lastKnownFileType = text.plist.strings; name = "zh-Hans"; path = "zh-Hans.lproj/InfoPlist.strings"; sourceTree = "<group>"; };
		32BFFB2B174F82A8002D394F /* zh-Hans */ = {isa = PBXFileReference; lastKnownFileType = text.plist.strings; name = "zh-Hans"; path = "zh-Hans.lproj/Localizable.strings"; sourceTree = "<group>"; };
		32BFFB32175246B7002D394F /* risotto_en.plist */ = {isa = PBXFileReference; fileEncoding = 4; lastKnownFileType = text.plist.xml; name = risotto_en.plist; path = CoffeeOrder/risotto_en.plist; sourceTree = "<group>"; };
		32BFFB3817524850002D394F /* categoryList_en.plist */ = {isa = PBXFileReference; fileEncoding = 4; lastKnownFileType = text.plist.xml; name = categoryList_en.plist; path = CoffeeOrder/categoryList_en.plist; sourceTree = "<group>"; };
		32BFFB3A175248A1002D394F /* snack_en.plist */ = {isa = PBXFileReference; fileEncoding = 4; lastKnownFileType = text.plist.xml; path = snack_en.plist; sourceTree = "<group>"; };
		32BFFB3B175248A1002D394F /* wrap_en.plist */ = {isa = PBXFileReference; fileEncoding = 4; lastKnownFileType = text.plist.xml; path = wrap_en.plist; sourceTree = "<group>"; };
		32BFFB3C175248A1002D394F /* sandwich_en.plist */ = {isa = PBXFileReference; fileEncoding = 4; lastKnownFileType = text.plist.xml; path = sandwich_en.plist; sourceTree = "<group>"; };
		32BFFB3D175248A1002D394F /* pasta_en.plist */ = {isa = PBXFileReference; fileEncoding = 4; lastKnownFileType = text.plist.xml; path = pasta_en.plist; sourceTree = "<group>"; };
		32BFFB3E175248A1002D394F /* dessert_en.plist */ = {isa = PBXFileReference; fileEncoding = 4; lastKnownFileType = text.plist.xml; path = dessert_en.plist; sourceTree = "<group>"; };
		32BFFB3F175248A1002D394F /* smoothies_en.plist */ = {isa = PBXFileReference; fileEncoding = 4; lastKnownFileType = text.plist.xml; path = smoothies_en.plist; sourceTree = "<group>"; };
		32BFFB40175248A2002D394F /* milkshake_en.plist */ = {isa = PBXFileReference; fileEncoding = 4; lastKnownFileType = text.plist.xml; path = milkshake_en.plist; sourceTree = "<group>"; };
		32BFFB41175248A2002D394F /* fruitjuice_en.plist */ = {isa = PBXFileReference; fileEncoding = 4; lastKnownFileType = text.plist.xml; path = fruitjuice_en.plist; sourceTree = "<group>"; };
		32BFFB42175248A2002D394F /* drinkandwine_en.plist */ = {isa = PBXFileReference; fileEncoding = 4; lastKnownFileType = text.plist.xml; path = drinkandwine_en.plist; sourceTree = "<group>"; };
		32BFFB43175248A2002D394F /* selected_en.plist */ = {isa = PBXFileReference; fileEncoding = 4; lastKnownFileType = text.plist.xml; path = selected_en.plist; sourceTree = "<group>"; };
		32BFFB44175248A2002D394F /* soup_en.plist */ = {isa = PBXFileReference; fileEncoding = 4; lastKnownFileType = text.plist.xml; path = soup_en.plist; sourceTree = "<group>"; };
		32BFFB45175248A2002D394F /* aboutus_en.plist */ = {isa = PBXFileReference; fileEncoding = 4; lastKnownFileType = text.plist.xml; path = aboutus_en.plist; sourceTree = "<group>"; };
		32BFFB46175248A2002D394F /* salad_en.plist */ = {isa = PBXFileReference; fileEncoding = 4; lastKnownFileType = text.plist.xml; path = salad_en.plist; sourceTree = "<group>"; };
		32BFFB47175248A2002D394F /* pizza_en.plist */ = {isa = PBXFileReference; fileEncoding = 4; lastKnownFileType = text.plist.xml; path = pizza_en.plist; sourceTree = "<group>"; };
		32BFFB57175397DB002D394F /* en */ = {isa = PBXFileReference; lastKnownFileType = file.xib; name = en; path = en.lproj/MenuCell.xib; sourceTree = "<group>"; };
		32BFFB59175397E1002D394F /* zh-Hans */ = {isa = PBXFileReference; lastKnownFileType = file.xib; name = "zh-Hans"; path = "zh-Hans.lproj/MenuCell.xib"; sourceTree = "<group>"; };
		32C750691711611400A99E9C /* CoffeeOrder.app */ = {isa = PBXFileReference; explicitFileType = wrapper.application; includeInIndex = 0; path = CoffeeOrder.app; sourceTree = BUILT_PRODUCTS_DIR; };
		32C7506C1711611400A99E9C /* UIKit.framework */ = {isa = PBXFileReference; lastKnownFileType = wrapper.framework; name = UIKit.framework; path = System/Library/Frameworks/UIKit.framework; sourceTree = SDKROOT; };
		32C7506E1711611400A99E9C /* Foundation.framework */ = {isa = PBXFileReference; lastKnownFileType = wrapper.framework; name = Foundation.framework; path = System/Library/Frameworks/Foundation.framework; sourceTree = SDKROOT; };
		32C750701711611400A99E9C /* CoreGraphics.framework */ = {isa = PBXFileReference; lastKnownFileType = wrapper.framework; name = CoreGraphics.framework; path = System/Library/Frameworks/CoreGraphics.framework; sourceTree = SDKROOT; };
		32C750741711611400A99E9C /* CoffeeOrder-Info.plist */ = {isa = PBXFileReference; lastKnownFileType = text.plist.xml; path = "CoffeeOrder-Info.plist"; sourceTree = "<group>"; };
		32C750761711611400A99E9C /* en */ = {isa = PBXFileReference; lastKnownFileType = text.plist.strings; name = en; path = en.lproj/InfoPlist.strings; sourceTree = "<group>"; };
		32C750781711611400A99E9C /* main.m */ = {isa = PBXFileReference; lastKnownFileType = sourcecode.c.objc; path = main.m; sourceTree = "<group>"; };
		32C7507A1711611400A99E9C /* CoffeeOrder-Prefix.pch */ = {isa = PBXFileReference; lastKnownFileType = sourcecode.c.h; path = "CoffeeOrder-Prefix.pch"; sourceTree = "<group>"; };
		32C7507B1711611400A99E9C /* TJAppDelegate.h */ = {isa = PBXFileReference; lastKnownFileType = sourcecode.c.h; path = TJAppDelegate.h; sourceTree = "<group>"; };
		32C7507C1711611400A99E9C /* TJAppDelegate.m */ = {isa = PBXFileReference; lastKnownFileType = sourcecode.c.objc; path = TJAppDelegate.m; sourceTree = "<group>"; };
		32C7507E1711611400A99E9C /* Default.png */ = {isa = PBXFileReference; lastKnownFileType = image.png; path = Default.png; sourceTree = "<group>"; };
		32C750801711611400A99E9C /* Default@2x.png */ = {isa = PBXFileReference; lastKnownFileType = image.png; path = "Default@2x.png"; sourceTree = "<group>"; };
		32C750821711611400A99E9C /* Default-568h@2x.png */ = {isa = PBXFileReference; lastKnownFileType = image.png; path = "Default-568h@2x.png"; sourceTree = "<group>"; };
		32C750851711611400A99E9C /* en */ = {isa = PBXFileReference; lastKnownFileType = file.storyboard; name = en; path = en.lproj/MainStoryboard.storyboard; sourceTree = "<group>"; };
		32C750871711611400A99E9C /* MenuViewController.h */ = {isa = PBXFileReference; lastKnownFileType = sourcecode.c.h; path = MenuViewController.h; sourceTree = "<group>"; };
		32C750881711611400A99E9C /* MenuViewController.m */ = {isa = PBXFileReference; lastKnownFileType = sourcecode.c.objc; path = MenuViewController.m; sourceTree = "<group>"; };
		32C7508A1711611400A99E9C /* first.png */ = {isa = PBXFileReference; lastKnownFileType = image.png; name = first.png; path = CoffeeOrder/first.png; sourceTree = "<group>"; };
		32C7508C1711611400A99E9C /* first@2x.png */ = {isa = PBXFileReference; lastKnownFileType = image.png; name = "first@2x.png"; path = "CoffeeOrder/first@2x.png"; sourceTree = "<group>"; };
		32C7508E1711611400A99E9C /* ShoppingCartViewController.h */ = {isa = PBXFileReference; lastKnownFileType = sourcecode.c.h; path = ShoppingCartViewController.h; sourceTree = "<group>"; };
		32C7508F1711611400A99E9C /* ShoppingCartViewController.m */ = {isa = PBXFileReference; lastKnownFileType = sourcecode.c.objc; path = ShoppingCartViewController.m; sourceTree = "<group>"; };
		32C750911711611400A99E9C /* second.png */ = {isa = PBXFileReference; lastKnownFileType = image.png; name = second.png; path = CoffeeOrder/second.png; sourceTree = "<group>"; };
		32C750931711611400A99E9C /* second@2x.png */ = {isa = PBXFileReference; lastKnownFileType = image.png; name = "second@2x.png"; path = "CoffeeOrder/second@2x.png"; sourceTree = "<group>"; };
		32C7509B1711647F00A99E9C /* UserAccountViewController.h */ = {isa = PBXFileReference; fileEncoding = 4; lastKnownFileType = sourcecode.c.h; path = UserAccountViewController.h; sourceTree = "<group>"; };
		32C7509C1711647F00A99E9C /* UserAccountViewController.m */ = {isa = PBXFileReference; fileEncoding = 4; lastKnownFileType = sourcecode.c.objc; path = UserAccountViewController.m; sourceTree = "<group>"; };
		32C7509E1711649700A99E9C /* AboutUsViewController.h */ = {isa = PBXFileReference; fileEncoding = 4; lastKnownFileType = sourcecode.c.h; path = AboutUsViewController.h; sourceTree = "<group>"; };
		32C7509F1711649700A99E9C /* AboutUsViewController.m */ = {isa = PBXFileReference; fileEncoding = 4; lastKnownFileType = sourcecode.c.objc; path = AboutUsViewController.m; sourceTree = "<group>"; };
		32C8494D171182FA0049204B /* DDMenuController.h */ = {isa = PBXFileReference; fileEncoding = 4; lastKnownFileType = sourcecode.c.h; path = DDMenuController.h; sourceTree = "<group>"; };
		32C8494E171182FB0049204B /* DDMenuController.m */ = {isa = PBXFileReference; fileEncoding = 4; lastKnownFileType = sourcecode.c.objc; path = DDMenuController.m; sourceTree = "<group>"; };
		32C84950171184590049204B /* QuartzCore.framework */ = {isa = PBXFileReference; lastKnownFileType = wrapper.framework; name = QuartzCore.framework; path = System/Library/Frameworks/QuartzCore.framework; sourceTree = SDKROOT; };
		32C849AD17125D610049204B /* SideViewController.h */ = {isa = PBXFileReference; fileEncoding = 4; lastKnownFileType = sourcecode.c.h; name = SideViewController.h; path = ../SideViewController.h; sourceTree = "<group>"; };
		32C849AE17125D610049204B /* SideViewController.m */ = {isa = PBXFileReference; fileEncoding = 4; lastKnownFileType = sourcecode.c.objc; name = SideViewController.m; path = ../SideViewController.m; sourceTree = "<group>"; };
		32C849AF17125D610049204B /* SideViewController.xib */ = {isa = PBXFileReference; fileEncoding = 4; lastKnownFileType = file.xib; path = SideViewController.xib; sourceTree = "<group>"; };
/* End PBXFileReference section */

/* Begin PBXFrameworksBuildPhase section */
		32C750661711611400A99E9C /* Frameworks */ = {
			isa = PBXFrameworksBuildPhase;
			buildActionMask = 2147483647;
			files = (
				32A715F61720277B002568A6 /* libz.dylib in Frameworks */,
				32C750711711611400A99E9C /* CoreGraphics.framework in Frameworks */,
				32A715F417202744002568A6 /* MobileCoreServices.framework in Frameworks */,
				32A715F217202719002568A6 /* SystemConfiguration.framework in Frameworks */,
				32A715F01720267C002568A6 /* CFNetwork.framework in Frameworks */,
				32C84951171184590049204B /* QuartzCore.framework in Frameworks */,
				32C7506D1711611400A99E9C /* UIKit.framework in Frameworks */,
				32C7506F1711611400A99E9C /* Foundation.framework in Frameworks */,
			);
			runOnlyForDeploymentPostprocessing = 0;
		};
/* End PBXFrameworksBuildPhase section */

/* Begin PBXGroup section */
		325413EC172D14CB00446927 /* MyAccount */ = {
			isa = PBXGroup;
			children = (
				325413F0173144B400446927 /* MD5Addition.h */,
				325413F1173144B400446927 /* MD5Addition.m */,
				32C7509B1711647F00A99E9C /* UserAccountViewController.h */,
				32C7509C1711647F00A99E9C /* UserAccountViewController.m */,
				3270C692174E22AB00E03FD3 /* AddressProcessView.h */,
				3270C693174E22AB00E03FD3 /* AddressProcessView.m */,
				325413E9172D12D200446927 /* LoginViewController.h */,
				325413EA172D12D200446927 /* LoginViewController.m */,
				3254900A17336E200072F724 /* RegisterViewController.h */,
				3254900B17336E200072F724 /* RegisterViewController.m */,
				321EA1E0174BB640006873B1 /* AddressCell.h */,
				321EA1E1174BB640006873B1 /* AddressCell.m */,
				321EA1E3174BB65C006873B1 /* AddressCell.xib */,
			);
			name = MyAccount;
			sourceTree = "<group>";
		};
		3254901E173542680072F724 /* Images */ = {
			isa = PBXGroup;
			children = (
				32621D6C17579C75008C14CB /* 201.jpg */,
				32621D6D17579C75008C14CB /* 202.jpg */,
				32621D6E17579C75008C14CB /* 203.jpg */,
				32621D6F17579C75008C14CB /* 207.jpg */,
				32621D7017579C75008C14CB /* 208.jpg */,
				32621D7117579C75008C14CB /* 209.jpg */,
				32621D7217579C75008C14CB /* 211.jpg */,
				32621D7317579C75008C14CB /* 221.jpg */,
				32621D7417579C75008C14CB /* 225.jpg */,
				3270C695174E690600E03FD3 /* 101.jpg */,
				3270C696174E690600E03FD3 /* 104.jpg */,
				3270C697174E690600E03FD3 /* 105.jpg */,
				3270C698174E690600E03FD3 /* 106.jpg */,
				3270C699174E690600E03FD3 /* 108.jpg */,
				3270C69A174E690600E03FD3 /* 112.jpg */,
				3270C69B174E690600E03FD3 /* 113.jpg */,
				3270C69C174E690600E03FD3 /* 115.jpg */,
				3270C69D174E690600E03FD3 /* 116.jpg */,
				3270C69E174E690600E03FD3 /* 117.jpg */,
				3270C69F174E690600E03FD3 /* 133.jpg */,
				3296FA93174507AF001D7890 /* 601.jpg */,
				3296FA94174507AF001D7890 /* 603.jpg */,
				3296FA95174507AF001D7890 /* 608.jpg */,
				3296FA96174507AF001D7890 /* 610.jpg */,
				32549042173A69750072F724 /* 701.jpg */,
				3254901F1735428B0072F724 /* 901.jpg */,
				325490201735428B0072F724 /* 902.jpg */,
				325490211735428B0072F724 /* 903.jpg */,
			);
			name = Images;
			sourceTree = "<group>";
		};
		32549027173A65060072F724 /* Plist */ = {
			isa = PBXGroup;
			children = (
				32BFFB311752435E002D394F /* EN */,
				32BFFB301752434C002D394F /* CN */,
			);
			name = Plist;
			sourceTree = "<group>";
		};
		3296FA7F1743CC4F001D7890 /* Menu */ = {
			isa = PBXGroup;
			children = (
				32C750871711611400A99E9C /* MenuViewController.h */,
				32C750881711611400A99E9C /* MenuViewController.m */,
				325490171735117E0072F724 /* MenuCell.h */,
				325490181735117E0072F724 /* MenuCell.m */,
				32BFFB58175397DB002D394F /* MenuCell.xib */,
				3296FAA7174625A2001D7890 /* GGFullscreenImageViewController.h */,
				3296FAA8174625A3001D7890 /* GGFullscreenImageViewController.m */,
			);
			name = Menu;
			sourceTree = "<group>";
		};
		3296FA801743CC76001D7890 /* ShopCart */ = {
			isa = PBXGroup;
			children = (
				32C7508E1711611400A99E9C /* ShoppingCartViewController.h */,
				32C7508F1711611400A99E9C /* ShoppingCartViewController.m */,
				3296FA811743CCE0001D7890 /* ShoppingCartCell.h */,
				3296FA821743CCE0001D7890 /* ShoppingCartCell.m */,
				3296FA841743CD19001D7890 /* ShoppingCartCell.xib */,
				322B2F52174A523A002DAEC4 /* CheckOutViewController.h */,
				322B2F53174A523A002DAEC4 /* CheckOutViewController.m */,
				322B2F57174A631E002DAEC4 /* LoadingView.h */,
				322B2F58174A631E002DAEC4 /* LoadingView.m */,
				322B2F5A174A7445002DAEC4 /* DropDownCell.h */,
				322B2F5B174A7445002DAEC4 /* DropDownCell.m */,
				322B2F5C174A7445002DAEC4 /* DropDownCell.xib */,
			);
			name = ShopCart;
			sourceTree = "<group>";
		};
		3296FA8A1744F1C9001D7890 /* AboutUs */ = {
			isa = PBXGroup;
			children = (
				3296FA8B1744F1FE001D7890 /* AboutUsCell.h */,
				3296FA8C1744F1FE001D7890 /* AboutUsCell.xib */,
				3296FA8D1744F1FE001D7890 /* AboutUsCell.m */,
				32C7509E1711649700A99E9C /* AboutUsViewController.h */,
				32C7509F1711649700A99E9C /* AboutUsViewController.m */,
			);
			name = AboutUs;
			sourceTree = "<group>";
		};
		3296FA921744F31B001D7890 /* SideView */ = {
			isa = PBXGroup;
			children = (
				32C849AD17125D610049204B /* SideViewController.h */,
				32C849AE17125D610049204B /* SideViewController.m */,
				32C8494D171182FA0049204B /* DDMenuController.h */,
				32C8494E171182FB0049204B /* DDMenuController.m */,
			);
			name = SideView;
			sourceTree = "<group>";
		};
		32A715CF1720254F002568A6 /* ASIHTTPRequest */ = {
			isa = PBXGroup;
			children = (
				32A715D01720254F002568A6 /* ASIAuthenticationDialog.h */,
				32A715D11720254F002568A6 /* ASIAuthenticationDialog.m */,
				32A715D21720254F002568A6 /* ASICacheDelegate.h */,
				32A715D31720254F002568A6 /* ASIDataCompressor.h */,
				32A715D41720254F002568A6 /* ASIDataCompressor.m */,
				32A715D51720254F002568A6 /* ASIDataDecompressor.h */,
				32A715D61720254F002568A6 /* ASIDataDecompressor.m */,
				32A715D71720254F002568A6 /* ASIDownloadCache.h */,
				32A715D81720254F002568A6 /* ASIDownloadCache.m */,
				32A715D91720254F002568A6 /* ASIFormDataRequest.h */,
				32A715DA1720254F002568A6 /* ASIFormDataRequest.m */,
				32A715DB1720254F002568A6 /* ASIHTTPRequest.h */,
				32A715DC1720254F002568A6 /* ASIHTTPRequest.m */,
				32A715DD1720254F002568A6 /* ASIHTTPRequestConfig.h */,
				32A715DE1720254F002568A6 /* ASIHTTPRequestDelegate.h */,
				32A715DF1720254F002568A6 /* ASIInputStream.h */,
				32A715E01720254F002568A6 /* ASIInputStream.m */,
				32A715E11720254F002568A6 /* ASINetworkQueue.h */,
				32A715E21720254F002568A6 /* ASINetworkQueue.m */,
				32A715E31720254F002568A6 /* ASIProgressDelegate.h */,
				32A715E41720254F002568A6 /* Reachability.h */,
				32A715E51720254F002568A6 /* Reachability.m */,
			);
			path = ASIHTTPRequest;
			sourceTree = "<group>";
		};
		32BFFB301752434C002D394F /* CN */ = {
			isa = PBXGroup;
			children = (
				325490251737EF870072F724 /* categoryList.plist */,
				32549040173A66B10072F724 /* selected.plist */,
				32549028173A65340072F724 /* salad.plist */,
				3254902C173A65A90072F724 /* soup.plist */,
				32549034173A660C0072F724 /* pizza.plist */,
				32549032173A65F70072F724 /* pasta.plist */,
				32549030173A65D20072F724 /* sandwich.plist */,
				3254901C173537960072F724 /* risotto.plist */,
				3254902E173A65B90072F724 /* wrap.plist */,
				3254902A173A65620072F724 /* snack.plist */,
				32549036173A66240072F724 /* dessert.plist */,
				32549038173A66300072F724 /* smoothies.plist */,
				3254903A173A663D0072F724 /* milkshake.plist */,
				3254903C173A66640072F724 /* fruitjuice.plist */,
				3254903E173A66760072F724 /* drinkandwine.plist */,
				3296FA901744F232001D7890 /* aboutus.plist */,
			);
			name = CN;
			sourceTree = "<group>";
		};
		32BFFB311752435E002D394F /* EN */ = {
			isa = PBXGroup;
			children = (
				32BFFB3817524850002D394F /* categoryList_en.plist */,
				32BFFB3A175248A1002D394F /* snack_en.plist */,
				32BFFB3B175248A1002D394F /* wrap_en.plist */,
				32BFFB3C175248A1002D394F /* sandwich_en.plist */,
				32BFFB3D175248A1002D394F /* pasta_en.plist */,
				32BFFB3E175248A1002D394F /* dessert_en.plist */,
				32BFFB3F175248A1002D394F /* smoothies_en.plist */,
				32BFFB40175248A2002D394F /* milkshake_en.plist */,
				32BFFB41175248A2002D394F /* fruitjuice_en.plist */,
				32BFFB42175248A2002D394F /* drinkandwine_en.plist */,
				32BFFB43175248A2002D394F /* selected_en.plist */,
				32BFFB44175248A2002D394F /* soup_en.plist */,
				32BFFB46175248A2002D394F /* salad_en.plist */,
				32BFFB47175248A2002D394F /* pizza_en.plist */,
				32BFFB32175246B7002D394F /* risotto_en.plist */,
				32BFFB45175248A2002D394F /* aboutus_en.plist */,
			);
			name = EN;
			sourceTree = "<group>";
		};
		32C750601711611400A99E9C = {
			isa = PBXGroup;
			children = (
				32A715CF1720254F002568A6 /* ASIHTTPRequest */,
				32C750721711611400A99E9C /* CoffeeOrder */,
				32C849B2171264DD0049204B /* Views */,
				32549027173A65060072F724 /* Plist */,
				3254901E173542680072F724 /* Images */,
				32C7509A1711612B00A99E9C /* Resources */,
				32C750731711611400A99E9C /* Supporting Files */,
				32C7506B1711611400A99E9C /* Frameworks */,
				32C7506A1711611400A99E9C /* Products */,
			);
			sourceTree = "<group>";
		};
		32C7506A1711611400A99E9C /* Products */ = {
			isa = PBXGroup;
			children = (
				32C750691711611400A99E9C /* CoffeeOrder.app */,
			);
			name = Products;
			sourceTree = "<group>";
		};
		32C7506B1711611400A99E9C /* Frameworks */ = {
			isa = PBXGroup;
			children = (
				32A715F51720277B002568A6 /* libz.dylib */,
				32A715F317202744002568A6 /* MobileCoreServices.framework */,
				32A715F117202719002568A6 /* SystemConfiguration.framework */,
				32A715EF1720267C002568A6 /* CFNetwork.framework */,
				32C84950171184590049204B /* QuartzCore.framework */,
				32C7506C1711611400A99E9C /* UIKit.framework */,
				32C7506E1711611400A99E9C /* Foundation.framework */,
				32C750701711611400A99E9C /* CoreGraphics.framework */,
			);
			name = Frameworks;
			sourceTree = "<group>";
		};
		32C750721711611400A99E9C /* CoffeeOrder */ = {
			isa = PBXGroup;
			children = (
				32C7507B1711611400A99E9C /* TJAppDelegate.h */,
				32C7507C1711611400A99E9C /* TJAppDelegate.m */,
				325413ED172D1F1D00446927 /* Constants.h */,
				325413EE172D1F1D00446927 /* Constants.m */,
				3296FA7F1743CC4F001D7890 /* Menu */,
				3296FA801743CC76001D7890 /* ShopCart */,
				325413EC172D14CB00446927 /* MyAccount */,
				3296FA8A1744F1C9001D7890 /* AboutUs */,
				3296FA921744F31B001D7890 /* SideView */,
			);
			path = CoffeeOrder;
			sourceTree = "<group>";
		};
		32C750731711611400A99E9C /* Supporting Files */ = {
			isa = PBXGroup;
			children = (
				32C750741711611400A99E9C /* CoffeeOrder-Info.plist */,
				32C750751711611400A99E9C /* InfoPlist.strings */,
				32C750781711611400A99E9C /* main.m */,
				32C7507A1711611400A99E9C /* CoffeeOrder-Prefix.pch */,
				32C7507E1711611400A99E9C /* Default.png */,
				32C750801711611400A99E9C /* Default@2x.png */,
				32C750821711611400A99E9C /* Default-568h@2x.png */,
				32BFFB28174F8208002D394F /* Localizable.strings */,
			);
			name = "Supporting Files";
			path = CoffeeOrder;
			sourceTree = "<group>";
		};
		32C7509A1711612B00A99E9C /* Resources */ = {
			isa = PBXGroup;
			children = (
				32621D6A17579298008C14CB /* aboutus.png */,
				32621D6817579290008C14CB /* aboutus@2x.png */,
				32621D661757922C008C14CB /* myaccount.png */,
				32621D6417579228008C14CB /* myaccount@2x.png */,
				32621D6217579191008C14CB /* shoppingcart@2x.png */,
				32621D601757918B008C14CB /* shopping.png */,
				32621D5C17579000008C14CB /* menu@2x.png */,
				32621D5D17579000008C14CB /* menu.png */,
				322B2F5F174A7452002DAEC4 /* arrow_down.png */,
				322B2F60174A7452002DAEC4 /* arrow_up.png */,
				3296FAA317460A3F001D7890 /* navMenu@2x.png */,
				3296FAA417460A3F001D7890 /* navMenu.png */,
				3296FA9B1745C7F5001D7890 /* inCart@2x.png */,
				3296FA9C1745C7F5001D7890 /* inCart.png */,
				3296FA9D1745C7F5001D7890 /* addCart@2x.png */,
				3296FA9E1745C7F5001D7890 /* addCart.png */,
				3296FA881744935F001D7890 /* minus.png */,
				3296FA8617449358001D7890 /* plus.png */,
				32549013173509F50072F724 /* tabBarBg@2x.png */,
				3254901517350A2F0072F724 /* tabBarBg.png */,
				3254900F173505890072F724 /* navigationBg@2x.png */,
				32549011173507470072F724 /* navigationBg.png */,
				32381F7C1714526B00CC4792 /* nav_menu_icon@2x.png */,
				32C7508A1711611400A99E9C /* first.png */,
				32C7508C1711611400A99E9C /* first@2x.png */,
				32C750911711611400A99E9C /* second.png */,
				32C750931711611400A99E9C /* second@2x.png */,
			);
			name = Resources;
			sourceTree = "<group>";
		};
		32C849B2171264DD0049204B /* Views */ = {
			isa = PBXGroup;
			children = (
				32C750841711611400A99E9C /* MainStoryboard.storyboard */,
				32C849AF17125D610049204B /* SideViewController.xib */,
			);
			name = Views;
			sourceTree = "<group>";
		};
/* End PBXGroup section */

/* Begin PBXNativeTarget section */
		32C750681711611400A99E9C /* CoffeeOrder */ = {
			isa = PBXNativeTarget;
			buildConfigurationList = 32C750971711611400A99E9C /* Build configuration list for PBXNativeTarget "CoffeeOrder" */;
			buildPhases = (
				32C750651711611400A99E9C /* Sources */,
				32C750661711611400A99E9C /* Frameworks */,
				32C750671711611400A99E9C /* Resources */,
			);
			buildRules = (
			);
			dependencies = (
			);
			name = CoffeeOrder;
			productName = CoffeeOrder;
			productReference = 32C750691711611400A99E9C /* CoffeeOrder.app */;
			productType = "com.apple.product-type.application";
		};
/* End PBXNativeTarget section */

/* Begin PBXProject section */
		32C750611711611400A99E9C /* Project object */ = {
			isa = PBXProject;
			attributes = {
				CLASSPREFIX = TJ;
				LastUpgradeCheck = 0460;
				ORGANIZATIONNAME = "tj ";
			};
			buildConfigurationList = 32C750641711611400A99E9C /* Build configuration list for PBXProject "CoffeeOrder" */;
			compatibilityVersion = "Xcode 3.2";
			developmentRegion = English;
			hasScannedForEncodings = 0;
			knownRegions = (
				en,
				"zh-Hans",
			);
			mainGroup = 32C750601711611400A99E9C;
			productRefGroup = 32C7506A1711611400A99E9C /* Products */;
			projectDirPath = "";
			projectRoot = "";
			targets = (
				32C750681711611400A99E9C /* CoffeeOrder */,
			);
		};
/* End PBXProject section */

/* Begin PBXResourcesBuildPhase section */
		32C750671711611400A99E9C /* Resources */ = {
			isa = PBXResourcesBuildPhase;
			buildActionMask = 2147483647;
			files = (
				32C750771711611400A99E9C /* InfoPlist.strings in Resources */,
				32C7507F1711611400A99E9C /* Default.png in Resources */,
				32C750811711611400A99E9C /* Default@2x.png in Resources */,
				32C750831711611400A99E9C /* Default-568h@2x.png in Resources */,
				32C750861711611400A99E9C /* MainStoryboard.storyboard in Resources */,
				32C7508B1711611400A99E9C /* first.png in Resources */,
				32C7508D1711611400A99E9C /* first@2x.png in Resources */,
				32C750921711611400A99E9C /* second.png in Resources */,
				32C750941711611400A99E9C /* second@2x.png in Resources */,
				32C849B117125D610049204B /* SideViewController.xib in Resources */,
				32381F7D1714526B00CC4792 /* nav_menu_icon@2x.png in Resources */,
				32549010173505890072F724 /* navigationBg@2x.png in Resources */,
				32549012173507470072F724 /* navigationBg.png in Resources */,
				32549014173509F60072F724 /* tabBarBg@2x.png in Resources */,
				3254901617350A2F0072F724 /* tabBarBg.png in Resources */,
				32BFFB56175397DB002D394F /* MenuCell.xib in Resources */,
				3254901D173537960072F724 /* risotto.plist in Resources */,
				325490221735428B0072F724 /* 901.jpg in Resources */,
				325490231735428B0072F724 /* 902.jpg in Resources */,
				325490241735428B0072F724 /* 903.jpg in Resources */,
				325490261737EF870072F724 /* categoryList.plist in Resources */,
				32549029173A65340072F724 /* salad.plist in Resources */,
				3254902B173A65620072F724 /* snack.plist in Resources */,
				3254902D173A65A90072F724 /* soup.plist in Resources */,
				3254902F173A65B90072F724 /* wrap.plist in Resources */,
				32549031173A65D20072F724 /* sandwich.plist in Resources */,
				32549033173A65F70072F724 /* pasta.plist in Resources */,
				32549035173A660C0072F724 /* pizza.plist in Resources */,
				32549037173A66240072F724 /* dessert.plist in Resources */,
				32549039173A66300072F724 /* smoothies.plist in Resources */,
				3254903B173A663D0072F724 /* milkshake.plist in Resources */,
				3254903D173A66640072F724 /* fruitjuice.plist in Resources */,
				3254903F173A66760072F724 /* drinkandwine.plist in Resources */,
				32549041173A66B10072F724 /* selected.plist in Resources */,
				32549043173A69750072F724 /* 701.jpg in Resources */,
				3296FA851743CD19001D7890 /* ShoppingCartCell.xib in Resources */,
				3296FA8717449358001D7890 /* plus.png in Resources */,
				3296FA891744935F001D7890 /* minus.png in Resources */,
				3296FA8E1744F1FE001D7890 /* AboutUsCell.xib in Resources */,
				3296FA911744F232001D7890 /* aboutus.plist in Resources */,
				3296FA97174507AF001D7890 /* 601.jpg in Resources */,
				3296FA98174507AF001D7890 /* 603.jpg in Resources */,
				3296FA99174507AF001D7890 /* 608.jpg in Resources */,
				3296FA9A174507AF001D7890 /* 610.jpg in Resources */,
				3296FA9F1745C7F5001D7890 /* inCart@2x.png in Resources */,
				3296FAA01745C7F5001D7890 /* inCart.png in Resources */,
				3296FAA11745C7F5001D7890 /* addCart@2x.png in Resources */,
				3296FAA21745C7F5001D7890 /* addCart.png in Resources */,
				3296FAA517460A3F001D7890 /* navMenu@2x.png in Resources */,
				3296FAA617460A3F001D7890 /* navMenu.png in Resources */,
				322B2F5E174A7445002DAEC4 /* DropDownCell.xib in Resources */,
				322B2F61174A7452002DAEC4 /* arrow_down.png in Resources */,
				322B2F62174A7452002DAEC4 /* arrow_up.png in Resources */,
				321EA1E4174BB65C006873B1 /* AddressCell.xib in Resources */,
				3270C6A0174E690600E03FD3 /* 101.jpg in Resources */,
				3270C6A1174E690600E03FD3 /* 104.jpg in Resources */,
				3270C6A2174E690600E03FD3 /* 105.jpg in Resources */,
				3270C6A3174E690600E03FD3 /* 106.jpg in Resources */,
				3270C6A4174E690600E03FD3 /* 108.jpg in Resources */,
				3270C6A5174E690600E03FD3 /* 112.jpg in Resources */,
				3270C6A6174E690600E03FD3 /* 113.jpg in Resources */,
				3270C6A7174E690600E03FD3 /* 115.jpg in Resources */,
				3270C6A8174E690600E03FD3 /* 116.jpg in Resources */,
				3270C6A9174E690600E03FD3 /* 117.jpg in Resources */,
				3270C6AA174E690600E03FD3 /* 133.jpg in Resources */,
				32BFFB26174F8208002D394F /* Localizable.strings in Resources */,
				32BFFB33175246B7002D394F /* risotto_en.plist in Resources */,
				32BFFB3917524850002D394F /* categoryList_en.plist in Resources */,
				32BFFB48175248A2002D394F /* snack_en.plist in Resources */,
				32BFFB49175248A2002D394F /* wrap_en.plist in Resources */,
				32BFFB4A175248A2002D394F /* sandwich_en.plist in Resources */,
				32BFFB4B175248A2002D394F /* pasta_en.plist in Resources */,
				32BFFB4C175248A2002D394F /* dessert_en.plist in Resources */,
				32BFFB4D175248A2002D394F /* smoothies_en.plist in Resources */,
				32BFFB4E175248A2002D394F /* milkshake_en.plist in Resources */,
				32BFFB4F175248A2002D394F /* fruitjuice_en.plist in Resources */,
				32BFFB50175248A2002D394F /* drinkandwine_en.plist in Resources */,
				32BFFB51175248A2002D394F /* selected_en.plist in Resources */,
				32BFFB52175248A2002D394F /* soup_en.plist in Resources */,
				32BFFB53175248A2002D394F /* aboutus_en.plist in Resources */,
				32BFFB54175248A2002D394F /* salad_en.plist in Resources */,
				32BFFB55175248A2002D394F /* pizza_en.plist in Resources */,
				32621D5E17579000008C14CB /* menu@2x.png in Resources */,
				32621D5F17579000008C14CB /* menu.png in Resources */,
				32621D611757918B008C14CB /* shopping.png in Resources */,
				32621D6317579191008C14CB /* shoppingcart@2x.png in Resources */,
				32621D6517579228008C14CB /* myaccount@2x.png in Resources */,
				32621D671757922C008C14CB /* myaccount.png in Resources */,
				32621D6917579290008C14CB /* aboutus@2x.png in Resources */,
				32621D6B17579298008C14CB /* aboutus.png in Resources */,
				32621D7517579C75008C14CB /* 201.jpg in Resources */,
				32621D7617579C75008C14CB /* 202.jpg in Resources */,
				32621D7717579C75008C14CB /* 203.jpg in Resources */,
				32621D7817579C75008C14CB /* 207.jpg in Resources */,
				32621D7917579C75008C14CB /* 208.jpg in Resources */,
				32621D7A17579C75008C14CB /* 209.jpg in Resources */,
				32621D7B17579C75008C14CB /* 211.jpg in Resources */,
				32621D7C17579C75008C14CB /* 221.jpg in Resources */,
				32621D7D17579C75008C14CB /* 225.jpg in Resources */,
			);
			runOnlyForDeploymentPostprocessing = 0;
		};
/* End PBXResourcesBuildPhase section */

/* Begin PBXSourcesBuildPhase section */
		32C750651711611400A99E9C /* Sources */ = {
			isa = PBXSourcesBuildPhase;
			buildActionMask = 2147483647;
			files = (
				32C750791711611400A99E9C /* main.m in Sources */,
				32C7507D1711611400A99E9C /* TJAppDelegate.m in Sources */,
				32C750891711611400A99E9C /* MenuViewController.m in Sources */,
				32C750901711611400A99E9C /* ShoppingCartViewController.m in Sources */,
				32C7509D1711647F00A99E9C /* UserAccountViewController.m in Sources */,
				32C750A01711649700A99E9C /* AboutUsViewController.m in Sources */,
				32C8494F171182FB0049204B /* DDMenuController.m in Sources */,
				32C849B017125D610049204B /* SideViewController.m in Sources */,
				32A715E61720254F002568A6 /* ASIAuthenticationDialog.m in Sources */,
				32A715E71720254F002568A6 /* ASIDataCompressor.m in Sources */,
				32A715E81720254F002568A6 /* ASIDataDecompressor.m in Sources */,
				32A715E91720254F002568A6 /* ASIDownloadCache.m in Sources */,
				32A715EA1720254F002568A6 /* ASIFormDataRequest.m in Sources */,
				32A715EB1720254F002568A6 /* ASIHTTPRequest.m in Sources */,
				32A715EC1720254F002568A6 /* ASIInputStream.m in Sources */,
				32A715ED1720254F002568A6 /* ASINetworkQueue.m in Sources */,
				32A715EE1720254F002568A6 /* Reachability.m in Sources */,
				325413EB172D12D200446927 /* LoginViewController.m in Sources */,
				325413EF172D1F1D00446927 /* Constants.m in Sources */,
				325413F2173144B400446927 /* MD5Addition.m in Sources */,
				3254900C17336E200072F724 /* RegisterViewController.m in Sources */,
				325490191735117E0072F724 /* MenuCell.m in Sources */,
				3296FA831743CCE0001D7890 /* ShoppingCartCell.m in Sources */,
				3296FA8F1744F1FE001D7890 /* AboutUsCell.m in Sources */,
				3296FAA9174625A4001D7890 /* GGFullscreenImageViewController.m in Sources */,
				322B2F54174A523A002DAEC4 /* CheckOutViewController.m in Sources */,
				322B2F59174A631E002DAEC4 /* LoadingView.m in Sources */,
				322B2F5D174A7445002DAEC4 /* DropDownCell.m in Sources */,
				321EA1E2174BB640006873B1 /* AddressCell.m in Sources */,
				3270C694174E22AB00E03FD3 /* AddressProcessView.m in Sources */,
			);
			runOnlyForDeploymentPostprocessing = 0;
		};
/* End PBXSourcesBuildPhase section */

/* Begin PBXVariantGroup section */
		32BFFB28174F8208002D394F /* Localizable.strings */ = {
			isa = PBXVariantGroup;
			children = (
				32BFFB27174F8208002D394F /* en */,
				32BFFB2B174F82A8002D394F /* zh-Hans */,
			);
			name = Localizable.strings;
			sourceTree = "<group>";
		};
		32BFFB58175397DB002D394F /* MenuCell.xib */ = {
			isa = PBXVariantGroup;
			children = (
				32BFFB57175397DB002D394F /* en */,
				32BFFB59175397E1002D394F /* zh-Hans */,
			);
			name = MenuCell.xib;
			sourceTree = "<group>";
		};
		32C750751711611400A99E9C /* InfoPlist.strings */ = {
			isa = PBXVariantGroup;
			children = (
				32C750761711611400A99E9C /* en */,
				32BFFB2A174F82A8002D394F /* zh-Hans */,
			);
			name = InfoPlist.strings;
			sourceTree = "<group>";
		};
		32C750841711611400A99E9C /* MainStoryboard.storyboard */ = {
			isa = PBXVariantGroup;
			children = (
				32C750851711611400A99E9C /* en */,
				32BFFB29174F82A8002D394F /* zh-Hans */,
			);
			name = MainStoryboard.storyboard;
			path = CoffeeOrder;
			sourceTree = "<group>";
		};
/* End PBXVariantGroup section */

/* Begin XCBuildConfiguration section */
		32C750951711611400A99E9C /* Debug */ = {
			isa = XCBuildConfiguration;
			buildSettings = {
				ALWAYS_SEARCH_USER_PATHS = NO;
				CLANG_CXX_LANGUAGE_STANDARD = "gnu++0x";
				CLANG_CXX_LIBRARY = "libc++";
				CLANG_ENABLE_OBJC_ARC = YES;
				CLANG_WARN_CONSTANT_CONVERSION = YES;
				CLANG_WARN_EMPTY_BODY = YES;
				CLANG_WARN_ENUM_CONVERSION = YES;
				CLANG_WARN_INT_CONVERSION = YES;
				CLANG_WARN__DUPLICATE_METHOD_MATCH = YES;
				CODE_SIGN_IDENTITY = "iPhone Developer";
				"CODE_SIGN_IDENTITY[sdk=iphoneos*]" = "iPhone Developer";
				COPY_PHASE_STRIP = NO;
				GCC_C_LANGUAGE_STANDARD = gnu99;
				GCC_DYNAMIC_NO_PIC = NO;
				GCC_OPTIMIZATION_LEVEL = 0;
				GCC_PREPROCESSOR_DEFINITIONS = (
					"DEBUG=1",
					"$(inherited)",
				);
				GCC_SYMBOLS_PRIVATE_EXTERN = NO;
				GCC_WARN_ABOUT_RETURN_TYPE = YES;
				GCC_WARN_UNINITIALIZED_AUTOS = YES;
				GCC_WARN_UNUSED_VARIABLE = YES;
				IPHONEOS_DEPLOYMENT_TARGET = 5.1;
				ONLY_ACTIVE_ARCH = YES;
				PROVISIONING_PROFILE = "";
				RUN_CLANG_STATIC_ANALYZER = NO;
				SDKROOT = iphoneos;
			};
			name = Debug;
		};
		32C750961711611400A99E9C /* Release */ = {
			isa = XCBuildConfiguration;
			buildSettings = {
				ALWAYS_SEARCH_USER_PATHS = NO;
				CLANG_CXX_LANGUAGE_STANDARD = "gnu++0x";
				CLANG_CXX_LIBRARY = "libc++";
				CLANG_ENABLE_OBJC_ARC = YES;
				CLANG_WARN_CONSTANT_CONVERSION = YES;
				CLANG_WARN_EMPTY_BODY = YES;
				CLANG_WARN_ENUM_CONVERSION = YES;
				CLANG_WARN_INT_CONVERSION = YES;
				CLANG_WARN__DUPLICATE_METHOD_MATCH = YES;
				"CODE_SIGN_IDENTITY[sdk=iphoneos*]" = "iPhone Developer";
				COPY_PHASE_STRIP = YES;
				GCC_C_LANGUAGE_STANDARD = gnu99;
				GCC_WARN_ABOUT_RETURN_TYPE = YES;
				GCC_WARN_UNINITIALIZED_AUTOS = YES;
				GCC_WARN_UNUSED_VARIABLE = YES;
				IPHONEOS_DEPLOYMENT_TARGET = 5.1;
				OTHER_CFLAGS = "-DNS_BLOCK_ASSERTIONS=1";
				RUN_CLANG_STATIC_ANALYZER = NO;
				SDKROOT = iphoneos;
				VALIDATE_PRODUCT = YES;
			};
			name = Release;
		};
		32C750981711611400A99E9C /* Debug */ = {
			isa = XCBuildConfiguration;
			buildSettings = {
				GCC_PRECOMPILE_PREFIX_HEADER = YES;
				GCC_PREFIX_HEADER = "CoffeeOrder/CoffeeOrder-Prefix.pch";
				INFOPLIST_FILE = "CoffeeOrder/CoffeeOrder-Info.plist";
				IPHONEOS_DEPLOYMENT_TARGET = 5.1;
				PRODUCT_NAME = "$(TARGET_NAME)";
				WRAPPER_EXTENSION = app;
			};
			name = Debug;
		};
		32C750991711611400A99E9C /* Release */ = {
			isa = XCBuildConfiguration;
			buildSettings = {
				GCC_PRECOMPILE_PREFIX_HEADER = YES;
				GCC_PREFIX_HEADER = "CoffeeOrder/CoffeeOrder-Prefix.pch";
				INFOPLIST_FILE = "CoffeeOrder/CoffeeOrder-Info.plist";
				IPHONEOS_DEPLOYMENT_TARGET = 5.1;
				PRODUCT_NAME = "$(TARGET_NAME)";
				WRAPPER_EXTENSION = app;
			};
			name = Release;
		};
/* End XCBuildConfiguration section */

/* Begin XCConfigurationList section */
		32C750641711611400A99E9C /* Build configuration list for PBXProject "CoffeeOrder" */ = {
			isa = XCConfigurationList;
			buildConfigurations = (
				32C750951711611400A99E9C /* Debug */,
				32C750961711611400A99E9C /* Release */,
			);
			defaultConfigurationIsVisible = 0;
			defaultConfigurationName = Release;
		};
		32C750971711611400A99E9C /* Build configuration list for PBXNativeTarget "CoffeeOrder" */ = {
			isa = XCConfigurationList;
			buildConfigurations = (
				32C750981711611400A99E9C /* Debug */,
				32C750991711611400A99E9C /* Release */,
			);
			defaultConfigurationIsVisible = 0;
			defaultConfigurationName = Release;
		};
/* End XCConfigurationList section */
	};
	rootObject = 32C750611711611400A99E9C /* Project object */;
}
